// !$*UTF8*$!
{
	archiveVersion = 1;
	classes = {
	};
	objectVersion = 56;
	objects = {

/* Begin PBXBuildFile section */
		FD5851CD28D64CD700B9ACC9 /* SimpleKeychain in Frameworks */ = {isa = PBXBuildFile; productRef = FD5851CC28D64CD700B9ACC9 /* SimpleKeychain */; };
		FD5851D128D650E200B9ACC9 /* TokenRepositoryTests.swift in Sources */ = {isa = PBXBuildFile; fileRef = FD5851D028D650E200B9ACC9 /* TokenRepositoryTests.swift */; };
		FD5851D628D651B900B9ACC9 /* TokenRepositorySpy.swift in Sources */ = {isa = PBXBuildFile; fileRef = FD5851D528D651B900B9ACC9 /* TokenRepositorySpy.swift */; };
		FD5851DB28D654E500B9ACC9 /* KeychainProvider.swift in Sources */ = {isa = PBXBuildFile; fileRef = FD5851DA28D654E500B9ACC9 /* KeychainProvider.swift */; };
		FD5851DE28D655A800B9ACC9 /* KeychainProviderSpy.swift in Sources */ = {isa = PBXBuildFile; fileRef = FD5851DD28D655A800B9ACC9 /* KeychainProviderSpy.swift */; };
		FD634D9728D63F1200D18453 /* AppDelegate.swift in Sources */ = {isa = PBXBuildFile; fileRef = FD634D9628D63F1200D18453 /* AppDelegate.swift */; };
		FD634D9928D63F1200D18453 /* SceneDelegate.swift in Sources */ = {isa = PBXBuildFile; fileRef = FD634D9828D63F1200D18453 /* SceneDelegate.swift */; };
		FD634D9B28D63F1200D18453 /* ViewController.swift in Sources */ = {isa = PBXBuildFile; fileRef = FD634D9A28D63F1200D18453 /* ViewController.swift */; };
		FD634D9E28D63F1200D18453 /* Main.storyboard in Resources */ = {isa = PBXBuildFile; fileRef = FD634D9C28D63F1200D18453 /* Main.storyboard */; };
		FD634DA028D63F1400D18453 /* Assets.xcassets in Resources */ = {isa = PBXBuildFile; fileRef = FD634D9F28D63F1400D18453 /* Assets.xcassets */; };
		FD634DA328D63F1400D18453 /* LaunchScreen.storyboard in Resources */ = {isa = PBXBuildFile; fileRef = FD634DA128D63F1400D18453 /* LaunchScreen.storyboard */; };
		FD634DCD28D6457F00D18453 /* TokenRepository.swift in Sources */ = {isa = PBXBuildFile; fileRef = FD634DCC28D6457F00D18453 /* TokenRepository.swift */; };
		FDC6613D28D6BB2A00234DA7 /* GetMatchesRequestTests.swift in Sources */ = {isa = PBXBuildFile; fileRef = FDC6613C28D6BB2A00234DA7 /* GetMatchesRequestTests.swift */; };
		FDC6614028D6BC0600234DA7 /* Date+Fixture.swift in Sources */ = {isa = PBXBuildFile; fileRef = FDC6613F28D6BC0600234DA7 /* Date+Fixture.swift */; };
		FDC6614228D6BE0F00234DA7 /* MatchListServiceTests.swift in Sources */ = {isa = PBXBuildFile; fileRef = FDC6614128D6BE0F00234DA7 /* MatchListServiceTests.swift */; };
		FDC6614528D6BE2100234DA7 /* MatchListRepositoryTests.swift in Sources */ = {isa = PBXBuildFile; fileRef = FDC6614428D6BE2100234DA7 /* MatchListRepositoryTests.swift */; };
		FDC6614728D6BE3500234DA7 /* MatchListServiceSpy.swift in Sources */ = {isa = PBXBuildFile; fileRef = FDC6614628D6BE3500234DA7 /* MatchListServiceSpy.swift */; };
		FDC6614A28D6C08B00234DA7 /* GameMatchesResponse+Fixture.swift in Sources */ = {isa = PBXBuildFile; fileRef = FDC6614928D6C08B00234DA7 /* GameMatchesResponse+Fixture.swift */; };
		FDC6615928D6CD6E00234DA7 /* TeamPlayersResponse.swift in Sources */ = {isa = PBXBuildFile; fileRef = FDC6615828D6CD6E00234DA7 /* TeamPlayersResponse.swift */; };
		FDC6615B28D6CE8F00234DA7 /* GetTeamPlayersRequest.swift in Sources */ = {isa = PBXBuildFile; fileRef = FDC6615A28D6CE8F00234DA7 /* GetTeamPlayersRequest.swift */; };
		FDC6615E28D6D34100234DA7 /* GetTeamPlayersService.swift in Sources */ = {isa = PBXBuildFile; fileRef = FDC6615D28D6D34100234DA7 /* GetTeamPlayersService.swift */; };
		FDC6616228D6D4C100234DA7 /* TeamPlayersRepository.swift in Sources */ = {isa = PBXBuildFile; fileRef = FDC6616128D6D4C100234DA7 /* TeamPlayersRepository.swift */; };
		FDC6616628D6DCD800234DA7 /* GetTeamPlayersRequestTests.swift in Sources */ = {isa = PBXBuildFile; fileRef = FDC6616528D6DCD800234DA7 /* GetTeamPlayersRequestTests.swift */; };
		FDC6616828D6DD9800234DA7 /* GetTeamPlayersServiceTests.swift in Sources */ = {isa = PBXBuildFile; fileRef = FDC6616728D6DD9800234DA7 /* GetTeamPlayersServiceTests.swift */; };
		FDC6616A28D6DDA100234DA7 /* TeamPlayersRepositoryTests.swift in Sources */ = {isa = PBXBuildFile; fileRef = FDC6616928D6DDA100234DA7 /* TeamPlayersRepositoryTests.swift */; };
		FDC6616D28D6DE2D00234DA7 /* GetTeamPlayersServiceSpy.swift in Sources */ = {isa = PBXBuildFile; fileRef = FDC6616C28D6DE2D00234DA7 /* GetTeamPlayersServiceSpy.swift */; };
		FDC6617028D6DF7C00234DA7 /* TeamPlayersResponse+Fixture.swift in Sources */ = {isa = PBXBuildFile; fileRef = FDC6616F28D6DF7C00234DA7 /* TeamPlayersResponse+Fixture.swift */; };
		FDC6617328D6E1D400234DA7 /* GetMatchPageUseCase.swift in Sources */ = {isa = PBXBuildFile; fileRef = FDC6617228D6E1D400234DA7 /* GetMatchPageUseCase.swift */; };
		FDC6617628D6E28C00234DA7 /* Date+Extensions.swift in Sources */ = {isa = PBXBuildFile; fileRef = FDC6617528D6E28C00234DA7 /* Date+Extensions.swift */; };
		FDC6617928D6E35C00234DA7 /* MatchList.swift in Sources */ = {isa = PBXBuildFile; fileRef = FDC6617828D6E35C00234DA7 /* MatchList.swift */; };
		FDC6617B28D6E36100234DA7 /* MatchListError.swift in Sources */ = {isa = PBXBuildFile; fileRef = FDC6617A28D6E36100234DA7 /* MatchListError.swift */; };
		FDC6617E28D6E57B00234DA7 /* MatchesResponseToMatchListAdapter.swift in Sources */ = {isa = PBXBuildFile; fileRef = FDC6617D28D6E57B00234DA7 /* MatchesResponseToMatchListAdapter.swift */; };
		FDC6618028D6E9E900234DA7 /* NetworkingErrorToMatchListErrorAdapter.swift in Sources */ = {isa = PBXBuildFile; fileRef = FDC6617F28D6E9E900234DA7 /* NetworkingErrorToMatchListErrorAdapter.swift */; };
		FDC6618528D6EEA300234DA7 /* GetMatchesForPageUseCaseSpy .swift in Sources */ = {isa = PBXBuildFile; fileRef = FDC6618428D6EEA200234DA7 /* GetMatchesForPageUseCaseSpy .swift */; };
		FDC6618728D6EF0A00234DA7 /* MatchList+Fixtures.swift in Sources */ = {isa = PBXBuildFile; fileRef = FDC6618628D6EF0A00234DA7 /* MatchList+Fixtures.swift */; };
		FDC6618928D6EFB800234DA7 /* GetMatchPageUseCaseTests.swift in Sources */ = {isa = PBXBuildFile; fileRef = FDC6618828D6EFB800234DA7 /* GetMatchPageUseCaseTests.swift */; };
		FDC6618B28D6EFC100234DA7 /* MatchesResponseToMatchListAdapterTests.swift in Sources */ = {isa = PBXBuildFile; fileRef = FDC6618A28D6EFC100234DA7 /* MatchesResponseToMatchListAdapterTests.swift */; };
		FDC6618D28D6F00000234DA7 /* MatchListRepositorySpy.swift in Sources */ = {isa = PBXBuildFile; fileRef = FDC6618C28D6F00000234DA7 /* MatchListRepositorySpy.swift */; };
		FDC6619028D6F7A400234DA7 /* GetPlayersForTeamsUseCase.swift in Sources */ = {isa = PBXBuildFile; fileRef = FDC6618F28D6F7A400234DA7 /* GetPlayersForTeamsUseCase.swift */; };
		FDC6619328D6F80600234DA7 /* MatchDetails.swift in Sources */ = {isa = PBXBuildFile; fileRef = FDC6619228D6F80600234DA7 /* MatchDetails.swift */; };
		FDC6619528D6FA4300234DA7 /* PlayerList.swift in Sources */ = {isa = PBXBuildFile; fileRef = FDC6619428D6FA4300234DA7 /* PlayerList.swift */; };
		FDC6619728D6FA8E00234DA7 /* PlayerListError.swift in Sources */ = {isa = PBXBuildFile; fileRef = FDC6619628D6FA8E00234DA7 /* PlayerListError.swift */; };
		FDC6619A28D6FAD900234DA7 /* TeamResponseToPlayerListAdapter.swift in Sources */ = {isa = PBXBuildFile; fileRef = FDC6619928D6FAD900234DA7 /* TeamResponseToPlayerListAdapter.swift */; };
		FDC6619C28D6FBEC00234DA7 /* NetworkingErrorToPlayerListErrorAdapter.swift in Sources */ = {isa = PBXBuildFile; fileRef = FDC6619B28D6FBEC00234DA7 /* NetworkingErrorToPlayerListErrorAdapter.swift */; };
		FDC6619F28D6FD5400234DA7 /* GetPlayersForTeamsUseCaseTests.swift in Sources */ = {isa = PBXBuildFile; fileRef = FDC6619E28D6FD5400234DA7 /* GetPlayersForTeamsUseCaseTests.swift */; };
		FDC661A228D6FD6000234DA7 /* GetPlayersForTeamsUseCaseSpy.swift in Sources */ = {isa = PBXBuildFile; fileRef = FDC661A128D6FD6000234DA7 /* GetPlayersForTeamsUseCaseSpy.swift */; };
		FDC661A528D6FD8100234DA7 /* PlayerList+Fixture.swift in Sources */ = {isa = PBXBuildFile; fileRef = FDC661A428D6FD8100234DA7 /* PlayerList+Fixture.swift */; };
		FDC661A728D6FF2200234DA7 /* TeamPlayersRepositorySpy.swift in Sources */ = {isa = PBXBuildFile; fileRef = FDC661A628D6FF2200234DA7 /* TeamPlayersRepositorySpy.swift */; };
		FDCAA7C628D67AE800DDEBB1 /* MatchListNetworkRequest.swift in Sources */ = {isa = PBXBuildFile; fileRef = FDCAA7C528D67AE800DDEBB1 /* MatchListNetworkRequest.swift */; };
		FDDED5B228D6608200EE12B2 /* Networking in Frameworks */ = {isa = PBXBuildFile; productRef = FDDED5B128D6608200EE12B2 /* Networking */; };
		FDDED5B428D6608500EE12B2 /* NetworkingInterface in Frameworks */ = {isa = PBXBuildFile; productRef = FDDED5B328D6608500EE12B2 /* NetworkingInterface */; };
		FDDED5B628D6609700EE12B2 /* NetworkingInterfaceTestUtils in Frameworks */ = {isa = PBXBuildFile; productRef = FDDED5B528D6609700EE12B2 /* NetworkingInterfaceTestUtils */; };
		FDDED5B828D6609F00EE12B2 /* NetworkingInterfaceTestUtils in Frameworks */ = {isa = PBXBuildFile; productRef = FDDED5B728D6609F00EE12B2 /* NetworkingInterfaceTestUtils */; };
		FDDED5BD28D6673400EE12B2 /* MatchListService.swift in Sources */ = {isa = PBXBuildFile; fileRef = FDDED5BC28D6673400EE12B2 /* MatchListService.swift */; };
		FDDED5C028D6692300EE12B2 /* MatchesResponse.swift in Sources */ = {isa = PBXBuildFile; fileRef = FDDED5BF28D6692300EE12B2 /* MatchesResponse.swift */; };
		FDDED5C328D66BE000EE12B2 /* MatchListRepository.swift in Sources */ = {isa = PBXBuildFile; fileRef = FDDED5C228D66BE000EE12B2 /* MatchListRepository.swift */; };
		FDDED5C628D66C9F00EE12B2 /* GetMatchesRequest.swift in Sources */ = {isa = PBXBuildFile; fileRef = FDDED5C528D66C9F00EE12B2 /* GetMatchesRequest.swift */; };
/* End PBXBuildFile section */

/* Begin PBXContainerItemProxy section */
		FD634DAA28D63F1500D18453 /* PBXContainerItemProxy */ = {
			isa = PBXContainerItemProxy;
			containerPortal = FD634D8B28D63F1100D18453 /* Project object */;
			proxyType = 1;
			remoteGlobalIDString = FD634D9228D63F1200D18453;
			remoteInfo = CSTV;
		};
/* End PBXContainerItemProxy section */

/* Begin PBXFileReference section */
		FD5851D028D650E200B9ACC9 /* TokenRepositoryTests.swift */ = {isa = PBXFileReference; lastKnownFileType = sourcecode.swift; path = TokenRepositoryTests.swift; sourceTree = "<group>"; };
		FD5851D528D651B900B9ACC9 /* TokenRepositorySpy.swift */ = {isa = PBXFileReference; lastKnownFileType = sourcecode.swift; path = TokenRepositorySpy.swift; sourceTree = "<group>"; };
		FD5851DA28D654E500B9ACC9 /* KeychainProvider.swift */ = {isa = PBXFileReference; lastKnownFileType = sourcecode.swift; path = KeychainProvider.swift; sourceTree = "<group>"; };
		FD5851DD28D655A800B9ACC9 /* KeychainProviderSpy.swift */ = {isa = PBXFileReference; lastKnownFileType = sourcecode.swift; path = KeychainProviderSpy.swift; sourceTree = "<group>"; };
		FD5851E428D6602D00B9ACC9 /* Networking */ = {isa = PBXFileReference; lastKnownFileType = wrapper; path = Networking; sourceTree = "<group>"; };
		FD634D9328D63F1200D18453 /* CSTV.app */ = {isa = PBXFileReference; explicitFileType = wrapper.application; includeInIndex = 0; path = CSTV.app; sourceTree = BUILT_PRODUCTS_DIR; };
		FD634D9628D63F1200D18453 /* AppDelegate.swift */ = {isa = PBXFileReference; lastKnownFileType = sourcecode.swift; path = AppDelegate.swift; sourceTree = "<group>"; };
		FD634D9828D63F1200D18453 /* SceneDelegate.swift */ = {isa = PBXFileReference; lastKnownFileType = sourcecode.swift; path = SceneDelegate.swift; sourceTree = "<group>"; };
		FD634D9A28D63F1200D18453 /* ViewController.swift */ = {isa = PBXFileReference; lastKnownFileType = sourcecode.swift; path = ViewController.swift; sourceTree = "<group>"; };
		FD634D9D28D63F1200D18453 /* Base */ = {isa = PBXFileReference; lastKnownFileType = file.storyboard; name = Base; path = Base.lproj/Main.storyboard; sourceTree = "<group>"; };
		FD634D9F28D63F1400D18453 /* Assets.xcassets */ = {isa = PBXFileReference; lastKnownFileType = folder.assetcatalog; path = Assets.xcassets; sourceTree = "<group>"; };
		FD634DA228D63F1400D18453 /* Base */ = {isa = PBXFileReference; lastKnownFileType = file.storyboard; name = Base; path = Base.lproj/LaunchScreen.storyboard; sourceTree = "<group>"; };
		FD634DA428D63F1400D18453 /* Info.plist */ = {isa = PBXFileReference; lastKnownFileType = text.plist.xml; path = Info.plist; sourceTree = "<group>"; };
		FD634DA928D63F1500D18453 /* CSTVTests.xctest */ = {isa = PBXFileReference; explicitFileType = wrapper.cfbundle; includeInIndex = 0; path = CSTVTests.xctest; sourceTree = BUILT_PRODUCTS_DIR; };
		FD634DCC28D6457F00D18453 /* TokenRepository.swift */ = {isa = PBXFileReference; lastKnownFileType = sourcecode.swift; path = TokenRepository.swift; sourceTree = "<group>"; };
		FDC6613C28D6BB2A00234DA7 /* GetMatchesRequestTests.swift */ = {isa = PBXFileReference; lastKnownFileType = sourcecode.swift; path = GetMatchesRequestTests.swift; sourceTree = "<group>"; };
		FDC6613F28D6BC0600234DA7 /* Date+Fixture.swift */ = {isa = PBXFileReference; lastKnownFileType = sourcecode.swift; path = "Date+Fixture.swift"; sourceTree = "<group>"; };
		FDC6614128D6BE0F00234DA7 /* MatchListServiceTests.swift */ = {isa = PBXFileReference; lastKnownFileType = sourcecode.swift; path = MatchListServiceTests.swift; sourceTree = "<group>"; };
		FDC6614428D6BE2100234DA7 /* MatchListRepositoryTests.swift */ = {isa = PBXFileReference; lastKnownFileType = sourcecode.swift; path = MatchListRepositoryTests.swift; sourceTree = "<group>"; };
		FDC6614628D6BE3500234DA7 /* MatchListServiceSpy.swift */ = {isa = PBXFileReference; lastKnownFileType = sourcecode.swift; path = MatchListServiceSpy.swift; sourceTree = "<group>"; };
		FDC6614928D6C08B00234DA7 /* GameMatchesResponse+Fixture.swift */ = {isa = PBXFileReference; lastKnownFileType = sourcecode.swift; path = "GameMatchesResponse+Fixture.swift"; sourceTree = "<group>"; };
		FDC6615828D6CD6E00234DA7 /* TeamPlayersResponse.swift */ = {isa = PBXFileReference; lastKnownFileType = sourcecode.swift; path = TeamPlayersResponse.swift; sourceTree = "<group>"; };
		FDC6615A28D6CE8F00234DA7 /* GetTeamPlayersRequest.swift */ = {isa = PBXFileReference; lastKnownFileType = sourcecode.swift; path = GetTeamPlayersRequest.swift; sourceTree = "<group>"; };
		FDC6615D28D6D34100234DA7 /* GetTeamPlayersService.swift */ = {isa = PBXFileReference; lastKnownFileType = sourcecode.swift; path = GetTeamPlayersService.swift; sourceTree = "<group>"; };
		FDC6616128D6D4C100234DA7 /* TeamPlayersRepository.swift */ = {isa = PBXFileReference; lastKnownFileType = sourcecode.swift; path = TeamPlayersRepository.swift; sourceTree = "<group>"; };
		FDC6616528D6DCD800234DA7 /* GetTeamPlayersRequestTests.swift */ = {isa = PBXFileReference; lastKnownFileType = sourcecode.swift; path = GetTeamPlayersRequestTests.swift; sourceTree = "<group>"; };
		FDC6616728D6DD9800234DA7 /* GetTeamPlayersServiceTests.swift */ = {isa = PBXFileReference; lastKnownFileType = sourcecode.swift; path = GetTeamPlayersServiceTests.swift; sourceTree = "<group>"; };
		FDC6616928D6DDA100234DA7 /* TeamPlayersRepositoryTests.swift */ = {isa = PBXFileReference; lastKnownFileType = sourcecode.swift; path = TeamPlayersRepositoryTests.swift; sourceTree = "<group>"; };
		FDC6616C28D6DE2D00234DA7 /* GetTeamPlayersServiceSpy.swift */ = {isa = PBXFileReference; lastKnownFileType = sourcecode.swift; path = GetTeamPlayersServiceSpy.swift; sourceTree = "<group>"; };
		FDC6616F28D6DF7C00234DA7 /* TeamPlayersResponse+Fixture.swift */ = {isa = PBXFileReference; lastKnownFileType = sourcecode.swift; path = "TeamPlayersResponse+Fixture.swift"; sourceTree = "<group>"; };
		FDC6617228D6E1D400234DA7 /* GetMatchPageUseCase.swift */ = {isa = PBXFileReference; lastKnownFileType = sourcecode.swift; path = GetMatchPageUseCase.swift; sourceTree = "<group>"; };
		FDC6617528D6E28C00234DA7 /* Date+Extensions.swift */ = {isa = PBXFileReference; lastKnownFileType = sourcecode.swift; path = "Date+Extensions.swift"; sourceTree = "<group>"; };
		FDC6617828D6E35C00234DA7 /* MatchList.swift */ = {isa = PBXFileReference; lastKnownFileType = sourcecode.swift; path = MatchList.swift; sourceTree = "<group>"; };
		FDC6617A28D6E36100234DA7 /* MatchListError.swift */ = {isa = PBXFileReference; lastKnownFileType = sourcecode.swift; path = MatchListError.swift; sourceTree = "<group>"; };
		FDC6617D28D6E57B00234DA7 /* MatchesResponseToMatchListAdapter.swift */ = {isa = PBXFileReference; lastKnownFileType = sourcecode.swift; path = MatchesResponseToMatchListAdapter.swift; sourceTree = "<group>"; };
		FDC6617F28D6E9E900234DA7 /* NetworkingErrorToMatchListErrorAdapter.swift */ = {isa = PBXFileReference; lastKnownFileType = sourcecode.swift; path = NetworkingErrorToMatchListErrorAdapter.swift; sourceTree = "<group>"; };
		FDC6618428D6EEA200234DA7 /* GetMatchesForPageUseCaseSpy .swift */ = {isa = PBXFileReference; lastKnownFileType = sourcecode.swift; path = "GetMatchesForPageUseCaseSpy .swift"; sourceTree = "<group>"; };
		FDC6618628D6EF0A00234DA7 /* MatchList+Fixtures.swift */ = {isa = PBXFileReference; lastKnownFileType = sourcecode.swift; path = "MatchList+Fixtures.swift"; sourceTree = "<group>"; };
		FDC6618828D6EFB800234DA7 /* GetMatchPageUseCaseTests.swift */ = {isa = PBXFileReference; lastKnownFileType = sourcecode.swift; path = GetMatchPageUseCaseTests.swift; sourceTree = "<group>"; };
		FDC6618A28D6EFC100234DA7 /* MatchesResponseToMatchListAdapterTests.swift */ = {isa = PBXFileReference; lastKnownFileType = sourcecode.swift; path = MatchesResponseToMatchListAdapterTests.swift; sourceTree = "<group>"; };
		FDC6618C28D6F00000234DA7 /* MatchListRepositorySpy.swift */ = {isa = PBXFileReference; lastKnownFileType = sourcecode.swift; path = MatchListRepositorySpy.swift; sourceTree = "<group>"; };
		FDC6618F28D6F7A400234DA7 /* GetPlayersForTeamsUseCase.swift */ = {isa = PBXFileReference; lastKnownFileType = sourcecode.swift; path = GetPlayersForTeamsUseCase.swift; sourceTree = "<group>"; };
		FDC6619228D6F80600234DA7 /* MatchDetails.swift */ = {isa = PBXFileReference; lastKnownFileType = sourcecode.swift; path = MatchDetails.swift; sourceTree = "<group>"; };
		FDC6619428D6FA4300234DA7 /* PlayerList.swift */ = {isa = PBXFileReference; lastKnownFileType = sourcecode.swift; path = PlayerList.swift; sourceTree = "<group>"; };
		FDC6619628D6FA8E00234DA7 /* PlayerListError.swift */ = {isa = PBXFileReference; lastKnownFileType = sourcecode.swift; path = PlayerListError.swift; sourceTree = "<group>"; };
		FDC6619928D6FAD900234DA7 /* TeamResponseToPlayerListAdapter.swift */ = {isa = PBXFileReference; lastKnownFileType = sourcecode.swift; path = TeamResponseToPlayerListAdapter.swift; sourceTree = "<group>"; };
		FDC6619B28D6FBEC00234DA7 /* NetworkingErrorToPlayerListErrorAdapter.swift */ = {isa = PBXFileReference; lastKnownFileType = sourcecode.swift; path = NetworkingErrorToPlayerListErrorAdapter.swift; sourceTree = "<group>"; };
		FDC6619E28D6FD5400234DA7 /* GetPlayersForTeamsUseCaseTests.swift */ = {isa = PBXFileReference; lastKnownFileType = sourcecode.swift; path = GetPlayersForTeamsUseCaseTests.swift; sourceTree = "<group>"; };
		FDC661A128D6FD6000234DA7 /* GetPlayersForTeamsUseCaseSpy.swift */ = {isa = PBXFileReference; lastKnownFileType = sourcecode.swift; path = GetPlayersForTeamsUseCaseSpy.swift; sourceTree = "<group>"; };
		FDC661A428D6FD8100234DA7 /* PlayerList+Fixture.swift */ = {isa = PBXFileReference; lastKnownFileType = sourcecode.swift; path = "PlayerList+Fixture.swift"; sourceTree = "<group>"; };
		FDC661A628D6FF2200234DA7 /* TeamPlayersRepositorySpy.swift */ = {isa = PBXFileReference; lastKnownFileType = sourcecode.swift; path = TeamPlayersRepositorySpy.swift; sourceTree = "<group>"; };
		FDCAA7C528D67AE800DDEBB1 /* MatchListNetworkRequest.swift */ = {isa = PBXFileReference; lastKnownFileType = sourcecode.swift; path = MatchListNetworkRequest.swift; sourceTree = "<group>"; };
		FDDED5BC28D6673400EE12B2 /* MatchListService.swift */ = {isa = PBXFileReference; lastKnownFileType = sourcecode.swift; path = MatchListService.swift; sourceTree = "<group>"; };
		FDDED5BF28D6692300EE12B2 /* MatchesResponse.swift */ = {isa = PBXFileReference; lastKnownFileType = sourcecode.swift; path = MatchesResponse.swift; sourceTree = "<group>"; };
		FDDED5C228D66BE000EE12B2 /* MatchListRepository.swift */ = {isa = PBXFileReference; lastKnownFileType = sourcecode.swift; path = MatchListRepository.swift; sourceTree = "<group>"; };
		FDDED5C528D66C9F00EE12B2 /* GetMatchesRequest.swift */ = {isa = PBXFileReference; lastKnownFileType = sourcecode.swift; path = GetMatchesRequest.swift; sourceTree = "<group>"; };
/* End PBXFileReference section */

/* Begin PBXFrameworksBuildPhase section */
		FD634D9028D63F1200D18453 /* Frameworks */ = {
			isa = PBXFrameworksBuildPhase;
			buildActionMask = 2147483647;
			files = (
				FDDED5B228D6608200EE12B2 /* Networking in Frameworks */,
				FD5851CD28D64CD700B9ACC9 /* SimpleKeychain in Frameworks */,
				FDDED5B628D6609700EE12B2 /* NetworkingInterfaceTestUtils in Frameworks */,
				FDDED5B428D6608500EE12B2 /* NetworkingInterface in Frameworks */,
			);
			runOnlyForDeploymentPostprocessing = 0;
		};
		FD634DA628D63F1500D18453 /* Frameworks */ = {
			isa = PBXFrameworksBuildPhase;
			buildActionMask = 2147483647;
			files = (
				FDDED5B828D6609F00EE12B2 /* NetworkingInterfaceTestUtils in Frameworks */,
			);
			runOnlyForDeploymentPostprocessing = 0;
		};
/* End PBXFrameworksBuildPhase section */

/* Begin PBXGroup section */
		FD5851CE28D650D100B9ACC9 /* Security */ = {
			isa = PBXGroup;
			children = (
				FD5851DC28D655A100B9ACC9 /* Data */,
				FD5851CF28D650D800B9ACC9 /* Domain */,
			);
			path = Security;
			sourceTree = "<group>";
		};
		FD5851CF28D650D800B9ACC9 /* Domain */ = {
			isa = PBXGroup;
			children = (
				FD5851D428D6510700B9ACC9 /* Doubles */,
				FD5851D028D650E200B9ACC9 /* TokenRepositoryTests.swift */,
			);
			path = Domain;
			sourceTree = "<group>";
		};
		FD5851D428D6510700B9ACC9 /* Doubles */ = {
			isa = PBXGroup;
			children = (
				FD5851D528D651B900B9ACC9 /* TokenRepositorySpy.swift */,
			);
			path = Doubles;
			sourceTree = "<group>";
		};
		FD5851D928D654DE00B9ACC9 /* Data */ = {
			isa = PBXGroup;
			children = (
				FD634DCC28D6457F00D18453 /* TokenRepository.swift */,
				FD5851DA28D654E500B9ACC9 /* KeychainProvider.swift */,
			);
			path = Data;
			sourceTree = "<group>";
		};
		FD5851DC28D655A100B9ACC9 /* Data */ = {
			isa = PBXGroup;
			children = (
				FD5851DF28D655AE00B9ACC9 /* Doubles */,
			);
			path = Data;
			sourceTree = "<group>";
		};
		FD5851DF28D655AE00B9ACC9 /* Doubles */ = {
			isa = PBXGroup;
			children = (
				FD5851DD28D655A800B9ACC9 /* KeychainProviderSpy.swift */,
			);
			path = Doubles;
			sourceTree = "<group>";
		};
		FD5851E328D6602D00B9ACC9 /* Packages */ = {
			isa = PBXGroup;
			children = (
				FD5851E428D6602D00B9ACC9 /* Networking */,
			);
			name = Packages;
			sourceTree = "<group>";
		};
		FD634D8A28D63F1100D18453 = {
			isa = PBXGroup;
			children = (
				FD5851E328D6602D00B9ACC9 /* Packages */,
				FD634D9528D63F1200D18453 /* CSTV */,
				FD634DAC28D63F1500D18453 /* CSTVTests */,
				FD634D9428D63F1200D18453 /* Products */,
				FDDED5B028D6608200EE12B2 /* Frameworks */,
			);
			sourceTree = "<group>";
		};
		FD634D9428D63F1200D18453 /* Products */ = {
			isa = PBXGroup;
			children = (
				FD634D9328D63F1200D18453 /* CSTV.app */,
				FD634DA928D63F1500D18453 /* CSTVTests.xctest */,
			);
			name = Products;
			sourceTree = "<group>";
		};
		FD634D9528D63F1200D18453 /* CSTV */ = {
			isa = PBXGroup;
			children = (
				FDDED5B928D6670A00EE12B2 /* Modules */,
				FD634D9628D63F1200D18453 /* AppDelegate.swift */,
				FD634D9828D63F1200D18453 /* SceneDelegate.swift */,
				FD634D9A28D63F1200D18453 /* ViewController.swift */,
				FD634D9C28D63F1200D18453 /* Main.storyboard */,
				FD634D9F28D63F1400D18453 /* Assets.xcassets */,
				FD634DA128D63F1400D18453 /* LaunchScreen.storyboard */,
				FD634DA428D63F1400D18453 /* Info.plist */,
			);
			path = CSTV;
			sourceTree = "<group>";
		};
		FD634DAC28D63F1500D18453 /* CSTVTests */ = {
			isa = PBXGroup;
			children = (
				FDC6613E28D6BBFB00234DA7 /* Extensions */,
				FDC6613828D6BAA900234DA7 /* Modules */,
				FD5851CE28D650D100B9ACC9 /* Security */,
			);
			path = CSTVTests;
			sourceTree = "<group>";
		};
		FD634DCA28D6456300D18453 /* Security */ = {
			isa = PBXGroup;
			children = (
				FD5851D928D654DE00B9ACC9 /* Data */,
			);
			path = Security;
			sourceTree = "<group>";
		};
		FDC6613828D6BAA900234DA7 /* Modules */ = {
			isa = PBXGroup;
			children = (
				FDC6616328D6DCC000234DA7 /* MatchDetails */,
				FDC6613928D6BAC400234DA7 /* MatchList */,
			);
			path = Modules;
			sourceTree = "<group>";
		};
		FDC6613928D6BAC400234DA7 /* MatchList */ = {
			isa = PBXGroup;
			children = (
				FDC6618128D6EDC000234DA7 /* Domain */,
				FDC6613B28D6BB1700234DA7 /* Data */,
			);
			path = MatchList;
			sourceTree = "<group>";
		};
		FDC6613A28D6BB1100234DA7 /* Requests */ = {
			isa = PBXGroup;
			children = (
				FDC6613C28D6BB2A00234DA7 /* GetMatchesRequestTests.swift */,
			);
			path = Requests;
			sourceTree = "<group>";
		};
		FDC6613B28D6BB1700234DA7 /* Data */ = {
			isa = PBXGroup;
			children = (
				FDC6614828D6C08000234DA7 /* Fixtures */,
				FDC6614328D6BE1500234DA7 /* Doubles */,
				FDC6613A28D6BB1100234DA7 /* Requests */,
				FDC6614128D6BE0F00234DA7 /* MatchListServiceTests.swift */,
				FDC6614428D6BE2100234DA7 /* MatchListRepositoryTests.swift */,
			);
			path = Data;
			sourceTree = "<group>";
		};
		FDC6613E28D6BBFB00234DA7 /* Extensions */ = {
			isa = PBXGroup;
			children = (
				FDC6613F28D6BC0600234DA7 /* Date+Fixture.swift */,
			);
			path = Extensions;
			sourceTree = "<group>";
		};
		FDC6614328D6BE1500234DA7 /* Doubles */ = {
			isa = PBXGroup;
			children = (
				FDC6614628D6BE3500234DA7 /* MatchListServiceSpy.swift */,
				FDC6618C28D6F00000234DA7 /* MatchListRepositorySpy.swift */,
			);
			path = Doubles;
			sourceTree = "<group>";
		};
		FDC6614828D6C08000234DA7 /* Fixtures */ = {
			isa = PBXGroup;
			children = (
				FDC6614928D6C08B00234DA7 /* GameMatchesResponse+Fixture.swift */,
			);
			path = Fixtures;
			sourceTree = "<group>";
		};
		FDC6614B28D6C49300234DA7 /* MatchDetails */ = {
			isa = PBXGroup;
			children = (
				FDC6618E28D6F79600234DA7 /* Domain */,
				FDC6614C28D6C4A000234DA7 /* Data */,
			);
			path = MatchDetails;
			sourceTree = "<group>";
		};
		FDC6614C28D6C4A000234DA7 /* Data */ = {
			isa = PBXGroup;
			children = (
				FDC6615528D6C4D400234DA7 /* Entities */,
				FDC6614D28D6C4A400234DA7 /* Requests */,
				FDC6615D28D6D34100234DA7 /* GetTeamPlayersService.swift */,
				FDC6616128D6D4C100234DA7 /* TeamPlayersRepository.swift */,
			);
			path = Data;
			sourceTree = "<group>";
		};
		FDC6614D28D6C4A400234DA7 /* Requests */ = {
			isa = PBXGroup;
			children = (
				FDC6615A28D6CE8F00234DA7 /* GetTeamPlayersRequest.swift */,
			);
			path = Requests;
			sourceTree = "<group>";
		};
		FDC6615528D6C4D400234DA7 /* Entities */ = {
			isa = PBXGroup;
			children = (
				FDC6615828D6CD6E00234DA7 /* TeamPlayersResponse.swift */,
			);
			path = Entities;
			sourceTree = "<group>";
		};
		FDC6615C28D6CF0B00234DA7 /* CSTVNetworking */ = {
			isa = PBXGroup;
			children = (
				FDCAA7C528D67AE800DDEBB1 /* MatchListNetworkRequest.swift */,
			);
			path = CSTVNetworking;
			sourceTree = "<group>";
		};
		FDC6616328D6DCC000234DA7 /* MatchDetails */ = {
			isa = PBXGroup;
			children = (
				FDC6619D28D6FD0E00234DA7 /* Domain */,
				FDC6616428D6DCC600234DA7 /* Data */,
			);
			path = MatchDetails;
			sourceTree = "<group>";
		};
		FDC6616428D6DCC600234DA7 /* Data */ = {
			isa = PBXGroup;
			children = (
				FDC6616E28D6DF3B00234DA7 /* Fixtures */,
				FDC6616B28D6DE1900234DA7 /* Doubles */,
				FDC6616528D6DCD800234DA7 /* GetTeamPlayersRequestTests.swift */,
				FDC6616728D6DD9800234DA7 /* GetTeamPlayersServiceTests.swift */,
				FDC6616928D6DDA100234DA7 /* TeamPlayersRepositoryTests.swift */,
			);
			path = Data;
			sourceTree = "<group>";
		};
		FDC6616B28D6DE1900234DA7 /* Doubles */ = {
			isa = PBXGroup;
			children = (
				FDC6616C28D6DE2D00234DA7 /* GetTeamPlayersServiceSpy.swift */,
				FDC661A628D6FF2200234DA7 /* TeamPlayersRepositorySpy.swift */,
			);
			path = Doubles;
			sourceTree = "<group>";
		};
		FDC6616E28D6DF3B00234DA7 /* Fixtures */ = {
			isa = PBXGroup;
			children = (
				FDC6616F28D6DF7C00234DA7 /* TeamPlayersResponse+Fixture.swift */,
			);
			path = Fixtures;
			sourceTree = "<group>";
		};
		FDC6617128D6E1B500234DA7 /* Domain */ = {
			isa = PBXGroup;
			children = (
				FDC6617C28D6E56200234DA7 /* Adapters */,
				FDC6617728D6E35500234DA7 /* Entities */,
				FDC6617228D6E1D400234DA7 /* GetMatchPageUseCase.swift */,
			);
			path = Domain;
			sourceTree = "<group>";
		};
		FDC6617428D6E28700234DA7 /* Utils */ = {
			isa = PBXGroup;
			children = (
				FDC6617528D6E28C00234DA7 /* Date+Extensions.swift */,
			);
			path = Utils;
			sourceTree = "<group>";
		};
		FDC6617728D6E35500234DA7 /* Entities */ = {
			isa = PBXGroup;
			children = (
				FDC6617828D6E35C00234DA7 /* MatchList.swift */,
				FDC6617A28D6E36100234DA7 /* MatchListError.swift */,
			);
			path = Entities;
			sourceTree = "<group>";
		};
		FDC6617C28D6E56200234DA7 /* Adapters */ = {
			isa = PBXGroup;
			children = (
				FDC6617D28D6E57B00234DA7 /* MatchesResponseToMatchListAdapter.swift */,
				FDC6617F28D6E9E900234DA7 /* NetworkingErrorToMatchListErrorAdapter.swift */,
			);
			path = Adapters;
			sourceTree = "<group>";
		};
		FDC6618128D6EDC000234DA7 /* Domain */ = {
			isa = PBXGroup;
			children = (
				FDC6618328D6EDD400234DA7 /* Doubles */,
				FDC6618228D6EDCB00234DA7 /* Fixtures */,
				FDC6618828D6EFB800234DA7 /* GetMatchPageUseCaseTests.swift */,
				FDC6618A28D6EFC100234DA7 /* MatchesResponseToMatchListAdapterTests.swift */,
			);
			path = Domain;
			sourceTree = "<group>";
		};
		FDC6618228D6EDCB00234DA7 /* Fixtures */ = {
			isa = PBXGroup;
			children = (
				FDC6618628D6EF0A00234DA7 /* MatchList+Fixtures.swift */,
			);
			path = Fixtures;
			sourceTree = "<group>";
		};
		FDC6618328D6EDD400234DA7 /* Doubles */ = {
			isa = PBXGroup;
			children = (
				FDC6618428D6EEA200234DA7 /* GetMatchesForPageUseCaseSpy .swift */,
			);
			path = Doubles;
			sourceTree = "<group>";
		};
		FDC6618E28D6F79600234DA7 /* Domain */ = {
			isa = PBXGroup;
			children = (
				FDC6619828D6FAC300234DA7 /* Adapters */,
				FDC6619128D6F7FC00234DA7 /* Entities */,
				FDC6618F28D6F7A400234DA7 /* GetPlayersForTeamsUseCase.swift */,
			);
			path = Domain;
			sourceTree = "<group>";
		};
		FDC6619128D6F7FC00234DA7 /* Entities */ = {
			isa = PBXGroup;
			children = (
				FDC6619228D6F80600234DA7 /* MatchDetails.swift */,
				FDC6619428D6FA4300234DA7 /* PlayerList.swift */,
				FDC6619628D6FA8E00234DA7 /* PlayerListError.swift */,
			);
			path = Entities;
			sourceTree = "<group>";
		};
		FDC6619828D6FAC300234DA7 /* Adapters */ = {
			isa = PBXGroup;
			children = (
				FDC6619928D6FAD900234DA7 /* TeamResponseToPlayerListAdapter.swift */,
				FDC6619B28D6FBEC00234DA7 /* NetworkingErrorToPlayerListErrorAdapter.swift */,
			);
			path = Adapters;
			sourceTree = "<group>";
		};
		FDC6619D28D6FD0E00234DA7 /* Domain */ = {
			isa = PBXGroup;
			children = (
				FDC661A328D6FD7000234DA7 /* Fixtures */,
				FDC661A028D6FD5700234DA7 /* Doubles */,
				FDC6619E28D6FD5400234DA7 /* GetPlayersForTeamsUseCaseTests.swift */,
			);
			path = Domain;
			sourceTree = "<group>";
		};
		FDC661A028D6FD5700234DA7 /* Doubles */ = {
			isa = PBXGroup;
			children = (
				FDC661A128D6FD6000234DA7 /* GetPlayersForTeamsUseCaseSpy.swift */,
			);
			path = Doubles;
			sourceTree = "<group>";
		};
		FDC661A328D6FD7000234DA7 /* Fixtures */ = {
			isa = PBXGroup;
			children = (
				FDC661A428D6FD8100234DA7 /* PlayerList+Fixture.swift */,
			);
			path = Fixtures;
			sourceTree = "<group>";
		};
		FDDED5B028D6608200EE12B2 /* Frameworks */ = {
			isa = PBXGroup;
			children = (
			);
			name = Frameworks;
			sourceTree = "<group>";
		};
		FDDED5B928D6670A00EE12B2 /* Modules */ = {
			isa = PBXGroup;
			children = (
				FD634DCA28D6456300D18453 /* Security */,
				FDC6617428D6E28700234DA7 /* Utils */,
				FDC6615C28D6CF0B00234DA7 /* CSTVNetworking */,
				FDC6614B28D6C49300234DA7 /* MatchDetails */,
				FDDED5BA28D6672500EE12B2 /* MatchList */,
			);
			path = Modules;
			sourceTree = "<group>";
		};
		FDDED5BA28D6672500EE12B2 /* MatchList */ = {
			isa = PBXGroup;
			children = (
				FDC6617128D6E1B500234DA7 /* Domain */,
				FDDED5BB28D6672B00EE12B2 /* Data */,
			);
			path = MatchList;
			sourceTree = "<group>";
		};
		FDDED5BB28D6672B00EE12B2 /* Data */ = {
			isa = PBXGroup;
			children = (
				FDDED5C428D66C6C00EE12B2 /* Requests */,
				FDDED5BE28D6691900EE12B2 /* Entities */,
				FDDED5BC28D6673400EE12B2 /* MatchListService.swift */,
				FDDED5C228D66BE000EE12B2 /* MatchListRepository.swift */,
			);
			path = Data;
			sourceTree = "<group>";
		};
		FDDED5BE28D6691900EE12B2 /* Entities */ = {
			isa = PBXGroup;
			children = (
				FDDED5BF28D6692300EE12B2 /* MatchesResponse.swift */,
			);
			path = Entities;
			sourceTree = "<group>";
		};
		FDDED5C428D66C6C00EE12B2 /* Requests */ = {
			isa = PBXGroup;
			children = (
				FDDED5C528D66C9F00EE12B2 /* GetMatchesRequest.swift */,
			);
			path = Requests;
			sourceTree = "<group>";
		};
/* End PBXGroup section */

/* Begin PBXNativeTarget section */
		FD634D9228D63F1200D18453 /* CSTV */ = {
			isa = PBXNativeTarget;
			buildConfigurationList = FD634DBD28D63F1500D18453 /* Build configuration list for PBXNativeTarget "CSTV" */;
			buildPhases = (
				FD634D8F28D63F1200D18453 /* Sources */,
				FD634D9028D63F1200D18453 /* Frameworks */,
				FD634D9128D63F1200D18453 /* Resources */,
			);
			buildRules = (
			);
			dependencies = (
			);
			name = CSTV;
			packageProductDependencies = (
				FD5851CC28D64CD700B9ACC9 /* SimpleKeychain */,
				FDDED5B128D6608200EE12B2 /* Networking */,
				FDDED5B328D6608500EE12B2 /* NetworkingInterface */,
				FDDED5B528D6609700EE12B2 /* NetworkingInterfaceTestUtils */,
			);
			productName = CSTV;
			productReference = FD634D9328D63F1200D18453 /* CSTV.app */;
			productType = "com.apple.product-type.application";
		};
		FD634DA828D63F1500D18453 /* CSTVTests */ = {
			isa = PBXNativeTarget;
			buildConfigurationList = FD634DC028D63F1500D18453 /* Build configuration list for PBXNativeTarget "CSTVTests" */;
			buildPhases = (
				FD634DA528D63F1500D18453 /* Sources */,
				FD634DA628D63F1500D18453 /* Frameworks */,
				FD634DA728D63F1500D18453 /* Resources */,
			);
			buildRules = (
			);
			dependencies = (
				FD634DAB28D63F1500D18453 /* PBXTargetDependency */,
			);
			name = CSTVTests;
			packageProductDependencies = (
				FDDED5B728D6609F00EE12B2 /* NetworkingInterfaceTestUtils */,
			);
			productName = CSTVTests;
			productReference = FD634DA928D63F1500D18453 /* CSTVTests.xctest */;
			productType = "com.apple.product-type.bundle.unit-test";
		};
/* End PBXNativeTarget section */

/* Begin PBXProject section */
		FD634D8B28D63F1100D18453 /* Project object */ = {
			isa = PBXProject;
			attributes = {
				BuildIndependentTargetsInParallel = 1;
				LastSwiftUpdateCheck = 1400;
				LastUpgradeCheck = 1400;
				TargetAttributes = {
					FD634D9228D63F1200D18453 = {
						CreatedOnToolsVersion = 14.0;
					};
					FD634DA828D63F1500D18453 = {
						CreatedOnToolsVersion = 14.0;
						TestTargetID = FD634D9228D63F1200D18453;
					};
				};
			};
			buildConfigurationList = FD634D8E28D63F1100D18453 /* Build configuration list for PBXProject "CSTV" */;
			compatibilityVersion = "Xcode 14.0";
			developmentRegion = en;
			hasScannedForEncodings = 0;
			knownRegions = (
				en,
				Base,
			);
			mainGroup = FD634D8A28D63F1100D18453;
			packageReferences = (
				FD5851CB28D64CD700B9ACC9 /* XCRemoteSwiftPackageReference "SimpleKeychain" */,
			);
			productRefGroup = FD634D9428D63F1200D18453 /* Products */;
			projectDirPath = "";
			projectRoot = "";
			targets = (
				FD634D9228D63F1200D18453 /* CSTV */,
				FD634DA828D63F1500D18453 /* CSTVTests */,
			);
		};
/* End PBXProject section */

/* Begin PBXResourcesBuildPhase section */
		FD634D9128D63F1200D18453 /* Resources */ = {
			isa = PBXResourcesBuildPhase;
			buildActionMask = 2147483647;
			files = (
				FD634DA328D63F1400D18453 /* LaunchScreen.storyboard in Resources */,
				FD634DA028D63F1400D18453 /* Assets.xcassets in Resources */,
				FD634D9E28D63F1200D18453 /* Main.storyboard in Resources */,
			);
			runOnlyForDeploymentPostprocessing = 0;
		};
		FD634DA728D63F1500D18453 /* Resources */ = {
			isa = PBXResourcesBuildPhase;
			buildActionMask = 2147483647;
			files = (
			);
			runOnlyForDeploymentPostprocessing = 0;
		};
/* End PBXResourcesBuildPhase section */

/* Begin PBXSourcesBuildPhase section */
		FD634D8F28D63F1200D18453 /* Sources */ = {
			isa = PBXSourcesBuildPhase;
			buildActionMask = 2147483647;
			files = (
				FDDED5BD28D6673400EE12B2 /* MatchListService.swift in Sources */,
				FDC6616228D6D4C100234DA7 /* TeamPlayersRepository.swift in Sources */,
				FD634D9B28D63F1200D18453 /* ViewController.swift in Sources */,
				FDC6619728D6FA8E00234DA7 /* PlayerListError.swift in Sources */,
				FDDED5C628D66C9F00EE12B2 /* GetMatchesRequest.swift in Sources */,
				FDC6619C28D6FBEC00234DA7 /* NetworkingErrorToPlayerListErrorAdapter.swift in Sources */,
				FDC6615B28D6CE8F00234DA7 /* GetTeamPlayersRequest.swift in Sources */,
				FDC6619A28D6FAD900234DA7 /* TeamResponseToPlayerListAdapter.swift in Sources */,
				FD634D9728D63F1200D18453 /* AppDelegate.swift in Sources */,
				FD5851DB28D654E500B9ACC9 /* KeychainProvider.swift in Sources */,
				FDC6615E28D6D34100234DA7 /* GetTeamPlayersService.swift in Sources */,
				FDC6619328D6F80600234DA7 /* MatchDetails.swift in Sources */,
				FDC6618028D6E9E900234DA7 /* NetworkingErrorToMatchListErrorAdapter.swift in Sources */,
				FDC6617B28D6E36100234DA7 /* MatchListError.swift in Sources */,
				FDC6619528D6FA4300234DA7 /* PlayerList.swift in Sources */,
				FDC6619028D6F7A400234DA7 /* GetPlayersForTeamsUseCase.swift in Sources */,
				FDCAA7C628D67AE800DDEBB1 /* MatchListNetworkRequest.swift in Sources */,
				FDC6617628D6E28C00234DA7 /* Date+Extensions.swift in Sources */,
				FDC6617E28D6E57B00234DA7 /* MatchesResponseToMatchListAdapter.swift in Sources */,
				FDC6615928D6CD6E00234DA7 /* TeamPlayersResponse.swift in Sources */,
				FDC6617328D6E1D400234DA7 /* GetMatchPageUseCase.swift in Sources */,
				FD634DCD28D6457F00D18453 /* TokenRepository.swift in Sources */,
				FDDED5C028D6692300EE12B2 /* MatchesResponse.swift in Sources */,
				FDDED5C328D66BE000EE12B2 /* MatchListRepository.swift in Sources */,
				FD634D9928D63F1200D18453 /* SceneDelegate.swift in Sources */,
				FDC6617928D6E35C00234DA7 /* MatchList.swift in Sources */,
			);
			runOnlyForDeploymentPostprocessing = 0;
		};
		FD634DA528D63F1500D18453 /* Sources */ = {
			isa = PBXSourcesBuildPhase;
			buildActionMask = 2147483647;
			files = (
				FDC6618528D6EEA300234DA7 /* GetMatchesForPageUseCaseSpy .swift in Sources */,
				FDC6618728D6EF0A00234DA7 /* MatchList+Fixtures.swift in Sources */,
				FDC6618D28D6F00000234DA7 /* MatchListRepositorySpy.swift in Sources */,
				FDC661A228D6FD6000234DA7 /* GetPlayersForTeamsUseCaseSpy.swift in Sources */,
				FDC6613D28D6BB2A00234DA7 /* GetMatchesRequestTests.swift in Sources */,
				FDC6619F28D6FD5400234DA7 /* GetPlayersForTeamsUseCaseTests.swift in Sources */,
				FDC661A528D6FD8100234DA7 /* PlayerList+Fixture.swift in Sources */,
				FDC6614228D6BE0F00234DA7 /* MatchListServiceTests.swift in Sources */,
				FDC6618928D6EFB800234DA7 /* GetMatchPageUseCaseTests.swift in Sources */,
				FDC6618B28D6EFC100234DA7 /* MatchesResponseToMatchListAdapterTests.swift in Sources */,
				FDC6614728D6BE3500234DA7 /* MatchListServiceSpy.swift in Sources */,
				FD5851D128D650E200B9ACC9 /* TokenRepositoryTests.swift in Sources */,
				FDC6617028D6DF7C00234DA7 /* TeamPlayersResponse+Fixture.swift in Sources */,
				FDC6614028D6BC0600234DA7 /* Date+Fixture.swift in Sources */,
				FD5851DE28D655A800B9ACC9 /* KeychainProviderSpy.swift in Sources */,
				FDC6616628D6DCD800234DA7 /* GetTeamPlayersRequestTests.swift in Sources */,
				FDC661A728D6FF2200234DA7 /* TeamPlayersRepositorySpy.swift in Sources */,
				FDC6614528D6BE2100234DA7 /* MatchListRepositoryTests.swift in Sources */,
				FDC6614A28D6C08B00234DA7 /* GameMatchesResponse+Fixture.swift in Sources */,
				FDC6616D28D6DE2D00234DA7 /* GetTeamPlayersServiceSpy.swift in Sources */,
				FDC6616A28D6DDA100234DA7 /* TeamPlayersRepositoryTests.swift in Sources */,
				FDC6616828D6DD9800234DA7 /* GetTeamPlayersServiceTests.swift in Sources */,
				FD5851D628D651B900B9ACC9 /* TokenRepositorySpy.swift in Sources */,
			);
			runOnlyForDeploymentPostprocessing = 0;
		};
/* End PBXSourcesBuildPhase section */

/* Begin PBXTargetDependency section */
		FD634DAB28D63F1500D18453 /* PBXTargetDependency */ = {
			isa = PBXTargetDependency;
			target = FD634D9228D63F1200D18453 /* CSTV */;
			targetProxy = FD634DAA28D63F1500D18453 /* PBXContainerItemProxy */;
		};
/* End PBXTargetDependency section */

/* Begin PBXVariantGroup section */
		FD634D9C28D63F1200D18453 /* Main.storyboard */ = {
			isa = PBXVariantGroup;
			children = (
				FD634D9D28D63F1200D18453 /* Base */,
			);
			name = Main.storyboard;
			sourceTree = "<group>";
		};
		FD634DA128D63F1400D18453 /* LaunchScreen.storyboard */ = {
			isa = PBXVariantGroup;
			children = (
				FD634DA228D63F1400D18453 /* Base */,
			);
			name = LaunchScreen.storyboard;
			sourceTree = "<group>";
		};
/* End PBXVariantGroup section */

/* Begin XCBuildConfiguration section */
		FD634DBB28D63F1500D18453 /* Debug */ = {
			isa = XCBuildConfiguration;
			buildSettings = {
				ALWAYS_SEARCH_USER_PATHS = NO;
				CLANG_ANALYZER_NONNULL = YES;
				CLANG_ANALYZER_NUMBER_OBJECT_CONVERSION = YES_AGGRESSIVE;
				CLANG_CXX_LANGUAGE_STANDARD = "gnu++20";
				CLANG_ENABLE_MODULES = YES;
				CLANG_ENABLE_OBJC_ARC = YES;
				CLANG_ENABLE_OBJC_WEAK = YES;
				CLANG_WARN_BLOCK_CAPTURE_AUTORELEASING = YES;
				CLANG_WARN_BOOL_CONVERSION = YES;
				CLANG_WARN_COMMA = YES;
				CLANG_WARN_CONSTANT_CONVERSION = YES;
				CLANG_WARN_DEPRECATED_OBJC_IMPLEMENTATIONS = YES;
				CLANG_WARN_DIRECT_OBJC_ISA_USAGE = YES_ERROR;
				CLANG_WARN_DOCUMENTATION_COMMENTS = YES;
				CLANG_WARN_EMPTY_BODY = YES;
				CLANG_WARN_ENUM_CONVERSION = YES;
				CLANG_WARN_INFINITE_RECURSION = YES;
				CLANG_WARN_INT_CONVERSION = YES;
				CLANG_WARN_NON_LITERAL_NULL_CONVERSION = YES;
				CLANG_WARN_OBJC_IMPLICIT_RETAIN_SELF = YES;
				CLANG_WARN_OBJC_LITERAL_CONVERSION = YES;
				CLANG_WARN_OBJC_ROOT_CLASS = YES_ERROR;
				CLANG_WARN_QUOTED_INCLUDE_IN_FRAMEWORK_HEADER = YES;
				CLANG_WARN_RANGE_LOOP_ANALYSIS = YES;
				CLANG_WARN_STRICT_PROTOTYPES = YES;
				CLANG_WARN_SUSPICIOUS_MOVE = YES;
				CLANG_WARN_UNGUARDED_AVAILABILITY = YES_AGGRESSIVE;
				CLANG_WARN_UNREACHABLE_CODE = YES;
				CLANG_WARN__DUPLICATE_METHOD_MATCH = YES;
				COPY_PHASE_STRIP = NO;
				DEBUG_INFORMATION_FORMAT = dwarf;
				ENABLE_STRICT_OBJC_MSGSEND = YES;
				ENABLE_TESTABILITY = YES;
				GCC_C_LANGUAGE_STANDARD = gnu11;
				GCC_DYNAMIC_NO_PIC = NO;
				GCC_NO_COMMON_BLOCKS = YES;
				GCC_OPTIMIZATION_LEVEL = 0;
				GCC_PREPROCESSOR_DEFINITIONS = (
					"DEBUG=1",
					"$(inherited)",
				);
				GCC_WARN_64_TO_32_BIT_CONVERSION = YES;
				GCC_WARN_ABOUT_RETURN_TYPE = YES_ERROR;
				GCC_WARN_UNDECLARED_SELECTOR = YES;
				GCC_WARN_UNINITIALIZED_AUTOS = YES_AGGRESSIVE;
				GCC_WARN_UNUSED_FUNCTION = YES;
				GCC_WARN_UNUSED_VARIABLE = YES;
				IPHONEOS_DEPLOYMENT_TARGET = 16.0;
				MTL_ENABLE_DEBUG_INFO = INCLUDE_SOURCE;
				MTL_FAST_MATH = YES;
				ONLY_ACTIVE_ARCH = YES;
				SDKROOT = iphoneos;
				SWIFT_ACTIVE_COMPILATION_CONDITIONS = DEBUG;
				SWIFT_OPTIMIZATION_LEVEL = "-Onone";
			};
			name = Debug;
		};
		FD634DBC28D63F1500D18453 /* Release */ = {
			isa = XCBuildConfiguration;
			buildSettings = {
				ALWAYS_SEARCH_USER_PATHS = NO;
				CLANG_ANALYZER_NONNULL = YES;
				CLANG_ANALYZER_NUMBER_OBJECT_CONVERSION = YES_AGGRESSIVE;
				CLANG_CXX_LANGUAGE_STANDARD = "gnu++20";
				CLANG_ENABLE_MODULES = YES;
				CLANG_ENABLE_OBJC_ARC = YES;
				CLANG_ENABLE_OBJC_WEAK = YES;
				CLANG_WARN_BLOCK_CAPTURE_AUTORELEASING = YES;
				CLANG_WARN_BOOL_CONVERSION = YES;
				CLANG_WARN_COMMA = YES;
				CLANG_WARN_CONSTANT_CONVERSION = YES;
				CLANG_WARN_DEPRECATED_OBJC_IMPLEMENTATIONS = YES;
				CLANG_WARN_DIRECT_OBJC_ISA_USAGE = YES_ERROR;
				CLANG_WARN_DOCUMENTATION_COMMENTS = YES;
				CLANG_WARN_EMPTY_BODY = YES;
				CLANG_WARN_ENUM_CONVERSION = YES;
				CLANG_WARN_INFINITE_RECURSION = YES;
				CLANG_WARN_INT_CONVERSION = YES;
				CLANG_WARN_NON_LITERAL_NULL_CONVERSION = YES;
				CLANG_WARN_OBJC_IMPLICIT_RETAIN_SELF = YES;
				CLANG_WARN_OBJC_LITERAL_CONVERSION = YES;
				CLANG_WARN_OBJC_ROOT_CLASS = YES_ERROR;
				CLANG_WARN_QUOTED_INCLUDE_IN_FRAMEWORK_HEADER = YES;
				CLANG_WARN_RANGE_LOOP_ANALYSIS = YES;
				CLANG_WARN_STRICT_PROTOTYPES = YES;
				CLANG_WARN_SUSPICIOUS_MOVE = YES;
				CLANG_WARN_UNGUARDED_AVAILABILITY = YES_AGGRESSIVE;
				CLANG_WARN_UNREACHABLE_CODE = YES;
				CLANG_WARN__DUPLICATE_METHOD_MATCH = YES;
				COPY_PHASE_STRIP = NO;
				DEBUG_INFORMATION_FORMAT = "dwarf-with-dsym";
				ENABLE_NS_ASSERTIONS = NO;
				ENABLE_STRICT_OBJC_MSGSEND = YES;
				GCC_C_LANGUAGE_STANDARD = gnu11;
				GCC_NO_COMMON_BLOCKS = YES;
				GCC_WARN_64_TO_32_BIT_CONVERSION = YES;
				GCC_WARN_ABOUT_RETURN_TYPE = YES_ERROR;
				GCC_WARN_UNDECLARED_SELECTOR = YES;
				GCC_WARN_UNINITIALIZED_AUTOS = YES_AGGRESSIVE;
				GCC_WARN_UNUSED_FUNCTION = YES;
				GCC_WARN_UNUSED_VARIABLE = YES;
				IPHONEOS_DEPLOYMENT_TARGET = 16.0;
				MTL_ENABLE_DEBUG_INFO = NO;
				MTL_FAST_MATH = YES;
				SDKROOT = iphoneos;
				SWIFT_COMPILATION_MODE = wholemodule;
				SWIFT_OPTIMIZATION_LEVEL = "-O";
				VALIDATE_PRODUCT = YES;
			};
			name = Release;
		};
		FD634DBE28D63F1500D18453 /* Debug */ = {
			isa = XCBuildConfiguration;
			buildSettings = {
				ASSETCATALOG_COMPILER_APPICON_NAME = AppIcon;
				ASSETCATALOG_COMPILER_GLOBAL_ACCENT_COLOR_NAME = AccentColor;
				CODE_SIGN_STYLE = Automatic;
				CURRENT_PROJECT_VERSION = 1;
				DEVELOPMENT_TEAM = 34HR7YPNJ4;
				GENERATE_INFOPLIST_FILE = YES;
				INFOPLIST_FILE = CSTV/Info.plist;
				INFOPLIST_KEY_UIApplicationSupportsIndirectInputEvents = YES;
				INFOPLIST_KEY_UILaunchStoryboardName = LaunchScreen;
				INFOPLIST_KEY_UIMainStoryboardFile = Main;
				INFOPLIST_KEY_UISupportedInterfaceOrientations_iPad = "UIInterfaceOrientationPortrait UIInterfaceOrientationPortraitUpsideDown UIInterfaceOrientationLandscapeLeft UIInterfaceOrientationLandscapeRight";
				INFOPLIST_KEY_UISupportedInterfaceOrientations_iPhone = "UIInterfaceOrientationPortrait UIInterfaceOrientationLandscapeLeft UIInterfaceOrientationLandscapeRight";
				LD_RUNPATH_SEARCH_PATHS = (
					"$(inherited)",
					"@executable_path/Frameworks",
				);
				MARKETING_VERSION = 1.0;
				PRODUCT_BUNDLE_IDENTIFIER = br.com.leocoout.CSTV;
				PRODUCT_NAME = "$(TARGET_NAME)";
				SWIFT_EMIT_LOC_STRINGS = YES;
				SWIFT_VERSION = 5.0;
				TARGETED_DEVICE_FAMILY = "1,2";
			};
			name = Debug;
		};
		FD634DBF28D63F1500D18453 /* Release */ = {
			isa = XCBuildConfiguration;
			buildSettings = {
				ASSETCATALOG_COMPILER_APPICON_NAME = AppIcon;
				ASSETCATALOG_COMPILER_GLOBAL_ACCENT_COLOR_NAME = AccentColor;
				CODE_SIGN_STYLE = Automatic;
				CURRENT_PROJECT_VERSION = 1;
				DEVELOPMENT_TEAM = 34HR7YPNJ4;
				GENERATE_INFOPLIST_FILE = YES;
				INFOPLIST_FILE = CSTV/Info.plist;
				INFOPLIST_KEY_UIApplicationSupportsIndirectInputEvents = YES;
				INFOPLIST_KEY_UILaunchStoryboardName = LaunchScreen;
				INFOPLIST_KEY_UIMainStoryboardFile = Main;
				INFOPLIST_KEY_UISupportedInterfaceOrientations_iPad = "UIInterfaceOrientationPortrait UIInterfaceOrientationPortraitUpsideDown UIInterfaceOrientationLandscapeLeft UIInterfaceOrientationLandscapeRight";
				INFOPLIST_KEY_UISupportedInterfaceOrientations_iPhone = "UIInterfaceOrientationPortrait UIInterfaceOrientationLandscapeLeft UIInterfaceOrientationLandscapeRight";
				LD_RUNPATH_SEARCH_PATHS = (
					"$(inherited)",
					"@executable_path/Frameworks",
				);
				MARKETING_VERSION = 1.0;
				PRODUCT_BUNDLE_IDENTIFIER = br.com.leocoout.CSTV;
				PRODUCT_NAME = "$(TARGET_NAME)";
				SWIFT_EMIT_LOC_STRINGS = YES;
				SWIFT_VERSION = 5.0;
				TARGETED_DEVICE_FAMILY = "1,2";
			};
			name = Release;
		};
		FD634DC128D63F1500D18453 /* Debug */ = {
			isa = XCBuildConfiguration;
			buildSettings = {
				ALWAYS_EMBED_SWIFT_STANDARD_LIBRARIES = YES;
				BUNDLE_LOADER = "$(TEST_HOST)";
				CODE_SIGN_STYLE = Automatic;
				CURRENT_PROJECT_VERSION = 1;
				DEVELOPMENT_TEAM = 34HR7YPNJ4;
				GENERATE_INFOPLIST_FILE = YES;
				IPHONEOS_DEPLOYMENT_TARGET = 16.0;
				MARKETING_VERSION = 1.0;
				PRODUCT_BUNDLE_IDENTIFIER = br.com.leocoout.CSTVTests;
				PRODUCT_NAME = "$(TARGET_NAME)";
				SWIFT_EMIT_LOC_STRINGS = NO;
				SWIFT_VERSION = 5.0;
				TARGETED_DEVICE_FAMILY = "1,2";
				TEST_HOST = "$(BUILT_PRODUCTS_DIR)/CSTV.app/$(BUNDLE_EXECUTABLE_FOLDER_PATH)/CSTV";
			};
			name = Debug;
		};
		FD634DC228D63F1500D18453 /* Release */ = {
			isa = XCBuildConfiguration;
			buildSettings = {
				ALWAYS_EMBED_SWIFT_STANDARD_LIBRARIES = YES;
				BUNDLE_LOADER = "$(TEST_HOST)";
				CODE_SIGN_STYLE = Automatic;
				CURRENT_PROJECT_VERSION = 1;
				DEVELOPMENT_TEAM = 34HR7YPNJ4;
				GENERATE_INFOPLIST_FILE = YES;
				IPHONEOS_DEPLOYMENT_TARGET = 16.0;
				MARKETING_VERSION = 1.0;
				PRODUCT_BUNDLE_IDENTIFIER = br.com.leocoout.CSTVTests;
				PRODUCT_NAME = "$(TARGET_NAME)";
				SWIFT_EMIT_LOC_STRINGS = NO;
				SWIFT_VERSION = 5.0;
				TARGETED_DEVICE_FAMILY = "1,2";
				TEST_HOST = "$(BUILT_PRODUCTS_DIR)/CSTV.app/$(BUNDLE_EXECUTABLE_FOLDER_PATH)/CSTV";
			};
			name = Release;
		};
/* End XCBuildConfiguration section */

/* Begin XCConfigurationList section */
		FD634D8E28D63F1100D18453 /* Build configuration list for PBXProject "CSTV" */ = {
			isa = XCConfigurationList;
			buildConfigurations = (
				FD634DBB28D63F1500D18453 /* Debug */,
				FD634DBC28D63F1500D18453 /* Release */,
			);
			defaultConfigurationIsVisible = 0;
			defaultConfigurationName = Release;
		};
		FD634DBD28D63F1500D18453 /* Build configuration list for PBXNativeTarget "CSTV" */ = {
			isa = XCConfigurationList;
			buildConfigurations = (
				FD634DBE28D63F1500D18453 /* Debug */,
				FD634DBF28D63F1500D18453 /* Release */,
			);
			defaultConfigurationIsVisible = 0;
			defaultConfigurationName = Release;
		};
		FD634DC028D63F1500D18453 /* Build configuration list for PBXNativeTarget "CSTVTests" */ = {
			isa = XCConfigurationList;
			buildConfigurations = (
				FD634DC128D63F1500D18453 /* Debug */,
				FD634DC228D63F1500D18453 /* Release */,
			);
			defaultConfigurationIsVisible = 0;
			defaultConfigurationName = Release;
		};
/* End XCConfigurationList section */

/* Begin XCRemoteSwiftPackageReference section */
		FD5851CB28D64CD700B9ACC9 /* XCRemoteSwiftPackageReference "SimpleKeychain" */ = {
			isa = XCRemoteSwiftPackageReference;
			repositoryURL = "https://github.com/auth0/SimpleKeychain.git";
			requirement = {
				kind = upToNextMajorVersion;
				minimumVersion = 1.0.0;
			};
		};
/* End XCRemoteSwiftPackageReference section */

/* Begin XCSwiftPackageProductDependency section */
		FD5851CC28D64CD700B9ACC9 /* SimpleKeychain */ = {
			isa = XCSwiftPackageProductDependency;
			package = FD5851CB28D64CD700B9ACC9 /* XCRemoteSwiftPackageReference "SimpleKeychain" */;
			productName = SimpleKeychain;
		};
		FDDED5B128D6608200EE12B2 /* Networking */ = {
			isa = XCSwiftPackageProductDependency;
			productName = Networking;
		};
		FDDED5B328D6608500EE12B2 /* NetworkingInterface */ = {
			isa = XCSwiftPackageProductDependency;
			productName = NetworkingInterface;
		};
		FDDED5B528D6609700EE12B2 /* NetworkingInterfaceTestUtils */ = {
			isa = XCSwiftPackageProductDependency;
			productName = NetworkingInterfaceTestUtils;
		};
		FDDED5B728D6609F00EE12B2 /* NetworkingInterfaceTestUtils */ = {
			isa = XCSwiftPackageProductDependency;
			productName = NetworkingInterfaceTestUtils;
		};
/* End XCSwiftPackageProductDependency section */
	};
	rootObject = FD634D8B28D63F1100D18453 /* Project object */;
}
