// !$*UTF8*$!
{
	archiveVersion = 1;
	classes = {
	};
	objectVersion = 56;
	objects = {

/* Begin PBXBuildFile section */
		FD5851CD28D64CD700B9ACC9 /* SimpleKeychain in Frameworks */ = {isa = PBXBuildFile; productRef = FD5851CC28D64CD700B9ACC9 /* SimpleKeychain */; };
		FD5851D128D650E200B9ACC9 /* GetTokenUseCaseTests.swift in Sources */ = {isa = PBXBuildFile; fileRef = FD5851D028D650E200B9ACC9 /* GetTokenUseCaseTests.swift */; };
		FD5851D328D650ED00B9ACC9 /* SetTokenToKeychainUseCaseTests.swift in Sources */ = {isa = PBXBuildFile; fileRef = FD5851D228D650ED00B9ACC9 /* SetTokenToKeychainUseCaseTests.swift */; };
		FD5851D628D651B900B9ACC9 /* GetTokenUseCaseSpy.swift in Sources */ = {isa = PBXBuildFile; fileRef = FD5851D528D651B900B9ACC9 /* GetTokenUseCaseSpy.swift */; };
		FD5851D828D651C100B9ACC9 /* SetTokenToKeychainUseCaseSpy.swift in Sources */ = {isa = PBXBuildFile; fileRef = FD5851D728D651C100B9ACC9 /* SetTokenToKeychainUseCaseSpy.swift */; };
		FD5851DB28D654E500B9ACC9 /* KeychainProvider.swift in Sources */ = {isa = PBXBuildFile; fileRef = FD5851DA28D654E500B9ACC9 /* KeychainProvider.swift */; };
		FD5851DE28D655A800B9ACC9 /* KeychainProviderSpy.swift in Sources */ = {isa = PBXBuildFile; fileRef = FD5851DD28D655A800B9ACC9 /* KeychainProviderSpy.swift */; };
		FD634D9728D63F1200D18453 /* AppDelegate.swift in Sources */ = {isa = PBXBuildFile; fileRef = FD634D9628D63F1200D18453 /* AppDelegate.swift */; };
		FD634D9928D63F1200D18453 /* SceneDelegate.swift in Sources */ = {isa = PBXBuildFile; fileRef = FD634D9828D63F1200D18453 /* SceneDelegate.swift */; };
		FD634D9B28D63F1200D18453 /* ViewController.swift in Sources */ = {isa = PBXBuildFile; fileRef = FD634D9A28D63F1200D18453 /* ViewController.swift */; };
		FD634D9E28D63F1200D18453 /* Main.storyboard in Resources */ = {isa = PBXBuildFile; fileRef = FD634D9C28D63F1200D18453 /* Main.storyboard */; };
		FD634DA028D63F1400D18453 /* Assets.xcassets in Resources */ = {isa = PBXBuildFile; fileRef = FD634D9F28D63F1400D18453 /* Assets.xcassets */; };
		FD634DA328D63F1400D18453 /* LaunchScreen.storyboard in Resources */ = {isa = PBXBuildFile; fileRef = FD634DA128D63F1400D18453 /* LaunchScreen.storyboard */; };
		FD634DAE28D63F1500D18453 /* CSTVTests.swift in Sources */ = {isa = PBXBuildFile; fileRef = FD634DAD28D63F1500D18453 /* CSTVTests.swift */; };
		FD634DCD28D6457F00D18453 /* TokenRepository.swift in Sources */ = {isa = PBXBuildFile; fileRef = FD634DCC28D6457F00D18453 /* TokenRepository.swift */; };
		FDCAA7C628D67AE800DDEBB1 /* HomeNetworkRequest.swift in Sources */ = {isa = PBXBuildFile; fileRef = FDCAA7C528D67AE800DDEBB1 /* HomeNetworkRequest.swift */; };
		FDDED5B228D6608200EE12B2 /* Networking in Frameworks */ = {isa = PBXBuildFile; productRef = FDDED5B128D6608200EE12B2 /* Networking */; };
		FDDED5B428D6608500EE12B2 /* NetworkingInterface in Frameworks */ = {isa = PBXBuildFile; productRef = FDDED5B328D6608500EE12B2 /* NetworkingInterface */; };
		FDDED5B628D6609700EE12B2 /* NetworkingInterfaceTestUtils in Frameworks */ = {isa = PBXBuildFile; productRef = FDDED5B528D6609700EE12B2 /* NetworkingInterfaceTestUtils */; };
		FDDED5B828D6609F00EE12B2 /* NetworkingInterfaceTestUtils in Frameworks */ = {isa = PBXBuildFile; productRef = FDDED5B728D6609F00EE12B2 /* NetworkingInterfaceTestUtils */; };
		FDDED5BD28D6673400EE12B2 /* MatchListService.swift in Sources */ = {isa = PBXBuildFile; fileRef = FDDED5BC28D6673400EE12B2 /* MatchListService.swift */; };
		FDDED5C028D6692300EE12B2 /* GameMatchesResponse.swift in Sources */ = {isa = PBXBuildFile; fileRef = FDDED5BF28D6692300EE12B2 /* GameMatchesResponse.swift */; };
		FDDED5C328D66BE000EE12B2 /* MatchListRepository.swift in Sources */ = {isa = PBXBuildFile; fileRef = FDDED5C228D66BE000EE12B2 /* MatchListRepository.swift */; };
		FDDED5C628D66C9F00EE12B2 /* GetMatchesRequest.swift in Sources */ = {isa = PBXBuildFile; fileRef = FDDED5C528D66C9F00EE12B2 /* GetMatchesRequest.swift */; };
/* End PBXBuildFile section */

/* Begin PBXContainerItemProxy section */
		FD634DAA28D63F1500D18453 /* PBXContainerItemProxy */ = {
			isa = PBXContainerItemProxy;
			containerPortal = FD634D8B28D63F1100D18453 /* Project object */;
			proxyType = 1;
			remoteGlobalIDString = FD634D9228D63F1200D18453;
			remoteInfo = CSTV;
		};
/* End PBXContainerItemProxy section */

/* Begin PBXFileReference section */
		FD5851D028D650E200B9ACC9 /* GetTokenUseCaseTests.swift */ = {isa = PBXFileReference; lastKnownFileType = sourcecode.swift; path = GetTokenUseCaseTests.swift; sourceTree = "<group>"; };
		FD5851D228D650ED00B9ACC9 /* SetTokenToKeychainUseCaseTests.swift */ = {isa = PBXFileReference; lastKnownFileType = sourcecode.swift; path = SetTokenToKeychainUseCaseTests.swift; sourceTree = "<group>"; };
		FD5851D528D651B900B9ACC9 /* GetTokenUseCaseSpy.swift */ = {isa = PBXFileReference; lastKnownFileType = sourcecode.swift; path = GetTokenUseCaseSpy.swift; sourceTree = "<group>"; };
		FD5851D728D651C100B9ACC9 /* SetTokenToKeychainUseCaseSpy.swift */ = {isa = PBXFileReference; lastKnownFileType = sourcecode.swift; path = SetTokenToKeychainUseCaseSpy.swift; sourceTree = "<group>"; };
		FD5851DA28D654E500B9ACC9 /* KeychainProvider.swift */ = {isa = PBXFileReference; lastKnownFileType = sourcecode.swift; path = KeychainProvider.swift; sourceTree = "<group>"; };
		FD5851DD28D655A800B9ACC9 /* KeychainProviderSpy.swift */ = {isa = PBXFileReference; lastKnownFileType = sourcecode.swift; path = KeychainProviderSpy.swift; sourceTree = "<group>"; };
		FD5851E428D6602D00B9ACC9 /* Networking */ = {isa = PBXFileReference; lastKnownFileType = wrapper; path = Networking; sourceTree = "<group>"; };
		FD634D9328D63F1200D18453 /* CSTV.app */ = {isa = PBXFileReference; explicitFileType = wrapper.application; includeInIndex = 0; path = CSTV.app; sourceTree = BUILT_PRODUCTS_DIR; };
		FD634D9628D63F1200D18453 /* AppDelegate.swift */ = {isa = PBXFileReference; lastKnownFileType = sourcecode.swift; path = AppDelegate.swift; sourceTree = "<group>"; };
		FD634D9828D63F1200D18453 /* SceneDelegate.swift */ = {isa = PBXFileReference; lastKnownFileType = sourcecode.swift; path = SceneDelegate.swift; sourceTree = "<group>"; };
		FD634D9A28D63F1200D18453 /* ViewController.swift */ = {isa = PBXFileReference; lastKnownFileType = sourcecode.swift; path = ViewController.swift; sourceTree = "<group>"; };
		FD634D9D28D63F1200D18453 /* Base */ = {isa = PBXFileReference; lastKnownFileType = file.storyboard; name = Base; path = Base.lproj/Main.storyboard; sourceTree = "<group>"; };
		FD634D9F28D63F1400D18453 /* Assets.xcassets */ = {isa = PBXFileReference; lastKnownFileType = folder.assetcatalog; path = Assets.xcassets; sourceTree = "<group>"; };
		FD634DA228D63F1400D18453 /* Base */ = {isa = PBXFileReference; lastKnownFileType = file.storyboard; name = Base; path = Base.lproj/LaunchScreen.storyboard; sourceTree = "<group>"; };
		FD634DA428D63F1400D18453 /* Info.plist */ = {isa = PBXFileReference; lastKnownFileType = text.plist.xml; path = Info.plist; sourceTree = "<group>"; };
		FD634DA928D63F1500D18453 /* CSTVTests.xctest */ = {isa = PBXFileReference; explicitFileType = wrapper.cfbundle; includeInIndex = 0; path = CSTVTests.xctest; sourceTree = BUILT_PRODUCTS_DIR; };
		FD634DAD28D63F1500D18453 /* CSTVTests.swift */ = {isa = PBXFileReference; lastKnownFileType = sourcecode.swift; path = CSTVTests.swift; sourceTree = "<group>"; };
		FD634DCC28D6457F00D18453 /* TokenRepository.swift */ = {isa = PBXFileReference; lastKnownFileType = sourcecode.swift; path = TokenRepository.swift; sourceTree = "<group>"; };
		FDCAA7C528D67AE800DDEBB1 /* HomeNetworkRequest.swift */ = {isa = PBXFileReference; lastKnownFileType = sourcecode.swift; path = HomeNetworkRequest.swift; sourceTree = "<group>"; };
		FDDED5BC28D6673400EE12B2 /* MatchListService.swift */ = {isa = PBXFileReference; lastKnownFileType = sourcecode.swift; path = MatchListService.swift; sourceTree = "<group>"; };
		FDDED5BF28D6692300EE12B2 /* GameMatchesResponse.swift */ = {isa = PBXFileReference; lastKnownFileType = sourcecode.swift; path = GameMatchesResponse.swift; sourceTree = "<group>"; };
		FDDED5C228D66BE000EE12B2 /* MatchListRepository.swift */ = {isa = PBXFileReference; lastKnownFileType = sourcecode.swift; path = MatchListRepository.swift; sourceTree = "<group>"; };
		FDDED5C528D66C9F00EE12B2 /* GetMatchesRequest.swift */ = {isa = PBXFileReference; lastKnownFileType = sourcecode.swift; path = GetMatchesRequest.swift; sourceTree = "<group>"; };
/* End PBXFileReference section */

/* Begin PBXFrameworksBuildPhase section */
		FD634D9028D63F1200D18453 /* Frameworks */ = {
			isa = PBXFrameworksBuildPhase;
			buildActionMask = 2147483647;
			files = (
				FDDED5B228D6608200EE12B2 /* Networking in Frameworks */,
				FD5851CD28D64CD700B9ACC9 /* SimpleKeychain in Frameworks */,
				FDDED5B628D6609700EE12B2 /* NetworkingInterfaceTestUtils in Frameworks */,
				FDDED5B428D6608500EE12B2 /* NetworkingInterface in Frameworks */,
			);
			runOnlyForDeploymentPostprocessing = 0;
		};
		FD634DA628D63F1500D18453 /* Frameworks */ = {
			isa = PBXFrameworksBuildPhase;
			buildActionMask = 2147483647;
			files = (
				FDDED5B828D6609F00EE12B2 /* NetworkingInterfaceTestUtils in Frameworks */,
			);
			runOnlyForDeploymentPostprocessing = 0;
		};
/* End PBXFrameworksBuildPhase section */

/* Begin PBXGroup section */
		FD5851CE28D650D100B9ACC9 /* Security */ = {
			isa = PBXGroup;
			children = (
				FD5851DC28D655A100B9ACC9 /* Data */,
				FD5851CF28D650D800B9ACC9 /* Domain */,
			);
			path = Security;
			sourceTree = "<group>";
		};
		FD5851CF28D650D800B9ACC9 /* Domain */ = {
			isa = PBXGroup;
			children = (
				FD5851D428D6510700B9ACC9 /* Doubles */,
				FD5851D028D650E200B9ACC9 /* GetTokenUseCaseTests.swift */,
				FD5851D228D650ED00B9ACC9 /* SetTokenToKeychainUseCaseTests.swift */,
			);
			path = Domain;
			sourceTree = "<group>";
		};
		FD5851D428D6510700B9ACC9 /* Doubles */ = {
			isa = PBXGroup;
			children = (
				FD5851D528D651B900B9ACC9 /* GetTokenUseCaseSpy.swift */,
				FD5851D728D651C100B9ACC9 /* SetTokenToKeychainUseCaseSpy.swift */,
			);
			path = Doubles;
			sourceTree = "<group>";
		};
		FD5851D928D654DE00B9ACC9 /* Data */ = {
			isa = PBXGroup;
			children = (
				FD634DCC28D6457F00D18453 /* TokenRepository.swift */,
				FD5851DA28D654E500B9ACC9 /* KeychainProvider.swift */,
			);
			path = Data;
			sourceTree = "<group>";
		};
		FD5851DC28D655A100B9ACC9 /* Data */ = {
			isa = PBXGroup;
			children = (
				FD5851DF28D655AE00B9ACC9 /* Doubles */,
			);
			path = Data;
			sourceTree = "<group>";
		};
		FD5851DF28D655AE00B9ACC9 /* Doubles */ = {
			isa = PBXGroup;
			children = (
				FD5851DD28D655A800B9ACC9 /* KeychainProviderSpy.swift */,
			);
			path = Doubles;
			sourceTree = "<group>";
		};
		FD5851E328D6602D00B9ACC9 /* Packages */ = {
			isa = PBXGroup;
			children = (
				FD5851E428D6602D00B9ACC9 /* Networking */,
			);
			name = Packages;
			sourceTree = "<group>";
		};
		FD634D8A28D63F1100D18453 = {
			isa = PBXGroup;
			children = (
				FD5851E328D6602D00B9ACC9 /* Packages */,
				FD634D9528D63F1200D18453 /* CSTV */,
				FD634DAC28D63F1500D18453 /* CSTVTests */,
				FD634D9428D63F1200D18453 /* Products */,
				FDDED5B028D6608200EE12B2 /* Frameworks */,
			);
			sourceTree = "<group>";
		};
		FD634D9428D63F1200D18453 /* Products */ = {
			isa = PBXGroup;
			children = (
				FD634D9328D63F1200D18453 /* CSTV.app */,
				FD634DA928D63F1500D18453 /* CSTVTests.xctest */,
			);
			name = Products;
			sourceTree = "<group>";
		};
		FD634D9528D63F1200D18453 /* CSTV */ = {
			isa = PBXGroup;
			children = (
				FDDED5B928D6670A00EE12B2 /* Modules */,
				FD634DCA28D6456300D18453 /* Security */,
				FD634D9628D63F1200D18453 /* AppDelegate.swift */,
				FD634D9828D63F1200D18453 /* SceneDelegate.swift */,
				FD634D9A28D63F1200D18453 /* ViewController.swift */,
				FD634D9C28D63F1200D18453 /* Main.storyboard */,
				FD634D9F28D63F1400D18453 /* Assets.xcassets */,
				FD634DA128D63F1400D18453 /* LaunchScreen.storyboard */,
				FD634DA428D63F1400D18453 /* Info.plist */,
			);
			path = CSTV;
			sourceTree = "<group>";
		};
		FD634DAC28D63F1500D18453 /* CSTVTests */ = {
			isa = PBXGroup;
			children = (
				FD5851CE28D650D100B9ACC9 /* Security */,
				FD634DAD28D63F1500D18453 /* CSTVTests.swift */,
			);
			path = CSTVTests;
			sourceTree = "<group>";
		};
		FD634DCA28D6456300D18453 /* Security */ = {
			isa = PBXGroup;
			children = (
				FD5851D928D654DE00B9ACC9 /* Data */,
			);
			path = Security;
			sourceTree = "<group>";
		};
		FDDED5B028D6608200EE12B2 /* Frameworks */ = {
			isa = PBXGroup;
			children = (
			);
			name = Frameworks;
			sourceTree = "<group>";
		};
		FDDED5B928D6670A00EE12B2 /* Modules */ = {
			isa = PBXGroup;
			children = (
				FDDED5BA28D6672500EE12B2 /* Home */,
			);
			path = Modules;
			sourceTree = "<group>";
		};
		FDDED5BA28D6672500EE12B2 /* Home */ = {
			isa = PBXGroup;
			children = (
				FDDED5BB28D6672B00EE12B2 /* Data */,
			);
			path = Home;
			sourceTree = "<group>";
		};
		FDDED5BB28D6672B00EE12B2 /* Data */ = {
			isa = PBXGroup;
			children = (
				FDDED5C428D66C6C00EE12B2 /* Requests */,
				FDDED5BE28D6691900EE12B2 /* Entities */,
				FDDED5BC28D6673400EE12B2 /* MatchListService.swift */,
				FDDED5C228D66BE000EE12B2 /* MatchListRepository.swift */,
			);
			path = Data;
			sourceTree = "<group>";
		};
		FDDED5BE28D6691900EE12B2 /* Entities */ = {
			isa = PBXGroup;
			children = (
				FDDED5BF28D6692300EE12B2 /* GameMatchesResponse.swift */,
			);
			path = Entities;
			sourceTree = "<group>";
		};
		FDDED5C428D66C6C00EE12B2 /* Requests */ = {
			isa = PBXGroup;
			children = (
				FDDED5C528D66C9F00EE12B2 /* GetMatchesRequest.swift */,
				FDCAA7C528D67AE800DDEBB1 /* HomeNetworkRequest.swift */,
			);
			path = Requests;
			sourceTree = "<group>";
		};
/* End PBXGroup section */

/* Begin PBXNativeTarget section */
		FD634D9228D63F1200D18453 /* CSTV */ = {
			isa = PBXNativeTarget;
			buildConfigurationList = FD634DBD28D63F1500D18453 /* Build configuration list for PBXNativeTarget "CSTV" */;
			buildPhases = (
				FD634D8F28D63F1200D18453 /* Sources */,
				FD634D9028D63F1200D18453 /* Frameworks */,
				FD634D9128D63F1200D18453 /* Resources */,
			);
			buildRules = (
			);
			dependencies = (
			);
			name = CSTV;
			packageProductDependencies = (
				FD5851CC28D64CD700B9ACC9 /* SimpleKeychain */,
				FDDED5B128D6608200EE12B2 /* Networking */,
				FDDED5B328D6608500EE12B2 /* NetworkingInterface */,
				FDDED5B528D6609700EE12B2 /* NetworkingInterfaceTestUtils */,
			);
			productName = CSTV;
			productReference = FD634D9328D63F1200D18453 /* CSTV.app */;
			productType = "com.apple.product-type.application";
		};
		FD634DA828D63F1500D18453 /* CSTVTests */ = {
			isa = PBXNativeTarget;
			buildConfigurationList = FD634DC028D63F1500D18453 /* Build configuration list for PBXNativeTarget "CSTVTests" */;
			buildPhases = (
				FD634DA528D63F1500D18453 /* Sources */,
				FD634DA628D63F1500D18453 /* Frameworks */,
				FD634DA728D63F1500D18453 /* Resources */,
			);
			buildRules = (
			);
			dependencies = (
				FD634DAB28D63F1500D18453 /* PBXTargetDependency */,
			);
			name = CSTVTests;
			packageProductDependencies = (
				FDDED5B728D6609F00EE12B2 /* NetworkingInterfaceTestUtils */,
			);
			productName = CSTVTests;
			productReference = FD634DA928D63F1500D18453 /* CSTVTests.xctest */;
			productType = "com.apple.product-type.bundle.unit-test";
		};
/* End PBXNativeTarget section */

/* Begin PBXProject section */
		FD634D8B28D63F1100D18453 /* Project object */ = {
			isa = PBXProject;
			attributes = {
				BuildIndependentTargetsInParallel = 1;
				LastSwiftUpdateCheck = 1400;
				LastUpgradeCheck = 1400;
				TargetAttributes = {
					FD634D9228D63F1200D18453 = {
						CreatedOnToolsVersion = 14.0;
					};
					FD634DA828D63F1500D18453 = {
						CreatedOnToolsVersion = 14.0;
						TestTargetID = FD634D9228D63F1200D18453;
					};
				};
			};
			buildConfigurationList = FD634D8E28D63F1100D18453 /* Build configuration list for PBXProject "CSTV" */;
			compatibilityVersion = "Xcode 14.0";
			developmentRegion = en;
			hasScannedForEncodings = 0;
			knownRegions = (
				en,
				Base,
			);
			mainGroup = FD634D8A28D63F1100D18453;
			packageReferences = (
				FD5851CB28D64CD700B9ACC9 /* XCRemoteSwiftPackageReference "SimpleKeychain" */,
			);
			productRefGroup = FD634D9428D63F1200D18453 /* Products */;
			projectDirPath = "";
			projectRoot = "";
			targets = (
				FD634D9228D63F1200D18453 /* CSTV */,
				FD634DA828D63F1500D18453 /* CSTVTests */,
			);
		};
/* End PBXProject section */

/* Begin PBXResourcesBuildPhase section */
		FD634D9128D63F1200D18453 /* Resources */ = {
			isa = PBXResourcesBuildPhase;
			buildActionMask = 2147483647;
			files = (
				FD634DA328D63F1400D18453 /* LaunchScreen.storyboard in Resources */,
				FD634DA028D63F1400D18453 /* Assets.xcassets in Resources */,
				FD634D9E28D63F1200D18453 /* Main.storyboard in Resources */,
			);
			runOnlyForDeploymentPostprocessing = 0;
		};
		FD634DA728D63F1500D18453 /* Resources */ = {
			isa = PBXResourcesBuildPhase;
			buildActionMask = 2147483647;
			files = (
			);
			runOnlyForDeploymentPostprocessing = 0;
		};
/* End PBXResourcesBuildPhase section */

/* Begin PBXSourcesBuildPhase section */
		FD634D8F28D63F1200D18453 /* Sources */ = {
			isa = PBXSourcesBuildPhase;
			buildActionMask = 2147483647;
			files = (
				FDDED5BD28D6673400EE12B2 /* MatchListService.swift in Sources */,
				FD634D9B28D63F1200D18453 /* ViewController.swift in Sources */,
				FDDED5C628D66C9F00EE12B2 /* GetMatchesRequest.swift in Sources */,
				FD634D9728D63F1200D18453 /* AppDelegate.swift in Sources */,
				FD5851DB28D654E500B9ACC9 /* KeychainProvider.swift in Sources */,
				FDCAA7C628D67AE800DDEBB1 /* HomeNetworkRequest.swift in Sources */,
				FD634DCD28D6457F00D18453 /* TokenRepository.swift in Sources */,
				FDDED5C028D6692300EE12B2 /* GameMatchesResponse.swift in Sources */,
				FDDED5C328D66BE000EE12B2 /* MatchListRepository.swift in Sources */,
				FD634D9928D63F1200D18453 /* SceneDelegate.swift in Sources */,
			);
			runOnlyForDeploymentPostprocessing = 0;
		};
		FD634DA528D63F1500D18453 /* Sources */ = {
			isa = PBXSourcesBuildPhase;
			buildActionMask = 2147483647;
			files = (
				FD5851D128D650E200B9ACC9 /* GetTokenUseCaseTests.swift in Sources */,
				FD5851DE28D655A800B9ACC9 /* KeychainProviderSpy.swift in Sources */,
				FD5851D628D651B900B9ACC9 /* GetTokenUseCaseSpy.swift in Sources */,
				FD634DAE28D63F1500D18453 /* CSTVTests.swift in Sources */,
				FD5851D328D650ED00B9ACC9 /* SetTokenToKeychainUseCaseTests.swift in Sources */,
				FD5851D828D651C100B9ACC9 /* SetTokenToKeychainUseCaseSpy.swift in Sources */,
			);
			runOnlyForDeploymentPostprocessing = 0;
		};
/* End PBXSourcesBuildPhase section */

/* Begin PBXTargetDependency section */
		FD634DAB28D63F1500D18453 /* PBXTargetDependency */ = {
			isa = PBXTargetDependency;
			target = FD634D9228D63F1200D18453 /* CSTV */;
			targetProxy = FD634DAA28D63F1500D18453 /* PBXContainerItemProxy */;
		};
/* End PBXTargetDependency section */

/* Begin PBXVariantGroup section */
		FD634D9C28D63F1200D18453 /* Main.storyboard */ = {
			isa = PBXVariantGroup;
			children = (
				FD634D9D28D63F1200D18453 /* Base */,
			);
			name = Main.storyboard;
			sourceTree = "<group>";
		};
		FD634DA128D63F1400D18453 /* LaunchScreen.storyboard */ = {
			isa = PBXVariantGroup;
			children = (
				FD634DA228D63F1400D18453 /* Base */,
			);
			name = LaunchScreen.storyboard;
			sourceTree = "<group>";
		};
/* End PBXVariantGroup section */

/* Begin XCBuildConfiguration section */
		FD634DBB28D63F1500D18453 /* Debug */ = {
			isa = XCBuildConfiguration;
			buildSettings = {
				ALWAYS_SEARCH_USER_PATHS = NO;
				CLANG_ANALYZER_NONNULL = YES;
				CLANG_ANALYZER_NUMBER_OBJECT_CONVERSION = YES_AGGRESSIVE;
				CLANG_CXX_LANGUAGE_STANDARD = "gnu++20";
				CLANG_ENABLE_MODULES = YES;
				CLANG_ENABLE_OBJC_ARC = YES;
				CLANG_ENABLE_OBJC_WEAK = YES;
				CLANG_WARN_BLOCK_CAPTURE_AUTORELEASING = YES;
				CLANG_WARN_BOOL_CONVERSION = YES;
				CLANG_WARN_COMMA = YES;
				CLANG_WARN_CONSTANT_CONVERSION = YES;
				CLANG_WARN_DEPRECATED_OBJC_IMPLEMENTATIONS = YES;
				CLANG_WARN_DIRECT_OBJC_ISA_USAGE = YES_ERROR;
				CLANG_WARN_DOCUMENTATION_COMMENTS = YES;
				CLANG_WARN_EMPTY_BODY = YES;
				CLANG_WARN_ENUM_CONVERSION = YES;
				CLANG_WARN_INFINITE_RECURSION = YES;
				CLANG_WARN_INT_CONVERSION = YES;
				CLANG_WARN_NON_LITERAL_NULL_CONVERSION = YES;
				CLANG_WARN_OBJC_IMPLICIT_RETAIN_SELF = YES;
				CLANG_WARN_OBJC_LITERAL_CONVERSION = YES;
				CLANG_WARN_OBJC_ROOT_CLASS = YES_ERROR;
				CLANG_WARN_QUOTED_INCLUDE_IN_FRAMEWORK_HEADER = YES;
				CLANG_WARN_RANGE_LOOP_ANALYSIS = YES;
				CLANG_WARN_STRICT_PROTOTYPES = YES;
				CLANG_WARN_SUSPICIOUS_MOVE = YES;
				CLANG_WARN_UNGUARDED_AVAILABILITY = YES_AGGRESSIVE;
				CLANG_WARN_UNREACHABLE_CODE = YES;
				CLANG_WARN__DUPLICATE_METHOD_MATCH = YES;
				COPY_PHASE_STRIP = NO;
				DEBUG_INFORMATION_FORMAT = dwarf;
				ENABLE_STRICT_OBJC_MSGSEND = YES;
				ENABLE_TESTABILITY = YES;
				GCC_C_LANGUAGE_STANDARD = gnu11;
				GCC_DYNAMIC_NO_PIC = NO;
				GCC_NO_COMMON_BLOCKS = YES;
				GCC_OPTIMIZATION_LEVEL = 0;
				GCC_PREPROCESSOR_DEFINITIONS = (
					"DEBUG=1",
					"$(inherited)",
				);
				GCC_WARN_64_TO_32_BIT_CONVERSION = YES;
				GCC_WARN_ABOUT_RETURN_TYPE = YES_ERROR;
				GCC_WARN_UNDECLARED_SELECTOR = YES;
				GCC_WARN_UNINITIALIZED_AUTOS = YES_AGGRESSIVE;
				GCC_WARN_UNUSED_FUNCTION = YES;
				GCC_WARN_UNUSED_VARIABLE = YES;
				IPHONEOS_DEPLOYMENT_TARGET = 16.0;
				MTL_ENABLE_DEBUG_INFO = INCLUDE_SOURCE;
				MTL_FAST_MATH = YES;
				ONLY_ACTIVE_ARCH = YES;
				SDKROOT = iphoneos;
				SWIFT_ACTIVE_COMPILATION_CONDITIONS = DEBUG;
				SWIFT_OPTIMIZATION_LEVEL = "-Onone";
			};
			name = Debug;
		};
		FD634DBC28D63F1500D18453 /* Release */ = {
			isa = XCBuildConfiguration;
			buildSettings = {
				ALWAYS_SEARCH_USER_PATHS = NO;
				CLANG_ANALYZER_NONNULL = YES;
				CLANG_ANALYZER_NUMBER_OBJECT_CONVERSION = YES_AGGRESSIVE;
				CLANG_CXX_LANGUAGE_STANDARD = "gnu++20";
				CLANG_ENABLE_MODULES = YES;
				CLANG_ENABLE_OBJC_ARC = YES;
				CLANG_ENABLE_OBJC_WEAK = YES;
				CLANG_WARN_BLOCK_CAPTURE_AUTORELEASING = YES;
				CLANG_WARN_BOOL_CONVERSION = YES;
				CLANG_WARN_COMMA = YES;
				CLANG_WARN_CONSTANT_CONVERSION = YES;
				CLANG_WARN_DEPRECATED_OBJC_IMPLEMENTATIONS = YES;
				CLANG_WARN_DIRECT_OBJC_ISA_USAGE = YES_ERROR;
				CLANG_WARN_DOCUMENTATION_COMMENTS = YES;
				CLANG_WARN_EMPTY_BODY = YES;
				CLANG_WARN_ENUM_CONVERSION = YES;
				CLANG_WARN_INFINITE_RECURSION = YES;
				CLANG_WARN_INT_CONVERSION = YES;
				CLANG_WARN_NON_LITERAL_NULL_CONVERSION = YES;
				CLANG_WARN_OBJC_IMPLICIT_RETAIN_SELF = YES;
				CLANG_WARN_OBJC_LITERAL_CONVERSION = YES;
				CLANG_WARN_OBJC_ROOT_CLASS = YES_ERROR;
				CLANG_WARN_QUOTED_INCLUDE_IN_FRAMEWORK_HEADER = YES;
				CLANG_WARN_RANGE_LOOP_ANALYSIS = YES;
				CLANG_WARN_STRICT_PROTOTYPES = YES;
				CLANG_WARN_SUSPICIOUS_MOVE = YES;
				CLANG_WARN_UNGUARDED_AVAILABILITY = YES_AGGRESSIVE;
				CLANG_WARN_UNREACHABLE_CODE = YES;
				CLANG_WARN__DUPLICATE_METHOD_MATCH = YES;
				COPY_PHASE_STRIP = NO;
				DEBUG_INFORMATION_FORMAT = "dwarf-with-dsym";
				ENABLE_NS_ASSERTIONS = NO;
				ENABLE_STRICT_OBJC_MSGSEND = YES;
				GCC_C_LANGUAGE_STANDARD = gnu11;
				GCC_NO_COMMON_BLOCKS = YES;
				GCC_WARN_64_TO_32_BIT_CONVERSION = YES;
				GCC_WARN_ABOUT_RETURN_TYPE = YES_ERROR;
				GCC_WARN_UNDECLARED_SELECTOR = YES;
				GCC_WARN_UNINITIALIZED_AUTOS = YES_AGGRESSIVE;
				GCC_WARN_UNUSED_FUNCTION = YES;
				GCC_WARN_UNUSED_VARIABLE = YES;
				IPHONEOS_DEPLOYMENT_TARGET = 16.0;
				MTL_ENABLE_DEBUG_INFO = NO;
				MTL_FAST_MATH = YES;
				SDKROOT = iphoneos;
				SWIFT_COMPILATION_MODE = wholemodule;
				SWIFT_OPTIMIZATION_LEVEL = "-O";
				VALIDATE_PRODUCT = YES;
			};
			name = Release;
		};
		FD634DBE28D63F1500D18453 /* Debug */ = {
			isa = XCBuildConfiguration;
			buildSettings = {
				ASSETCATALOG_COMPILER_APPICON_NAME = AppIcon;
				ASSETCATALOG_COMPILER_GLOBAL_ACCENT_COLOR_NAME = AccentColor;
				CODE_SIGN_STYLE = Automatic;
				CURRENT_PROJECT_VERSION = 1;
				DEVELOPMENT_TEAM = 34HR7YPNJ4;
				GENERATE_INFOPLIST_FILE = YES;
				INFOPLIST_FILE = CSTV/Info.plist;
				INFOPLIST_KEY_UIApplicationSupportsIndirectInputEvents = YES;
				INFOPLIST_KEY_UILaunchStoryboardName = LaunchScreen;
				INFOPLIST_KEY_UIMainStoryboardFile = Main;
				INFOPLIST_KEY_UISupportedInterfaceOrientations_iPad = "UIInterfaceOrientationPortrait UIInterfaceOrientationPortraitUpsideDown UIInterfaceOrientationLandscapeLeft UIInterfaceOrientationLandscapeRight";
				INFOPLIST_KEY_UISupportedInterfaceOrientations_iPhone = "UIInterfaceOrientationPortrait UIInterfaceOrientationLandscapeLeft UIInterfaceOrientationLandscapeRight";
				LD_RUNPATH_SEARCH_PATHS = (
					"$(inherited)",
					"@executable_path/Frameworks",
				);
				MARKETING_VERSION = 1.0;
				PRODUCT_BUNDLE_IDENTIFIER = br.com.leocoout.CSTV;
				PRODUCT_NAME = "$(TARGET_NAME)";
				SWIFT_EMIT_LOC_STRINGS = YES;
				SWIFT_VERSION = 5.0;
				TARGETED_DEVICE_FAMILY = "1,2";
			};
			name = Debug;
		};
		FD634DBF28D63F1500D18453 /* Release */ = {
			isa = XCBuildConfiguration;
			buildSettings = {
				ASSETCATALOG_COMPILER_APPICON_NAME = AppIcon;
				ASSETCATALOG_COMPILER_GLOBAL_ACCENT_COLOR_NAME = AccentColor;
				CODE_SIGN_STYLE = Automatic;
				CURRENT_PROJECT_VERSION = 1;
				DEVELOPMENT_TEAM = 34HR7YPNJ4;
				GENERATE_INFOPLIST_FILE = YES;
				INFOPLIST_FILE = CSTV/Info.plist;
				INFOPLIST_KEY_UIApplicationSupportsIndirectInputEvents = YES;
				INFOPLIST_KEY_UILaunchStoryboardName = LaunchScreen;
				INFOPLIST_KEY_UIMainStoryboardFile = Main;
				INFOPLIST_KEY_UISupportedInterfaceOrientations_iPad = "UIInterfaceOrientationPortrait UIInterfaceOrientationPortraitUpsideDown UIInterfaceOrientationLandscapeLeft UIInterfaceOrientationLandscapeRight";
				INFOPLIST_KEY_UISupportedInterfaceOrientations_iPhone = "UIInterfaceOrientationPortrait UIInterfaceOrientationLandscapeLeft UIInterfaceOrientationLandscapeRight";
				LD_RUNPATH_SEARCH_PATHS = (
					"$(inherited)",
					"@executable_path/Frameworks",
				);
				MARKETING_VERSION = 1.0;
				PRODUCT_BUNDLE_IDENTIFIER = br.com.leocoout.CSTV;
				PRODUCT_NAME = "$(TARGET_NAME)";
				SWIFT_EMIT_LOC_STRINGS = YES;
				SWIFT_VERSION = 5.0;
				TARGETED_DEVICE_FAMILY = "1,2";
			};
			name = Release;
		};
		FD634DC128D63F1500D18453 /* Debug */ = {
			isa = XCBuildConfiguration;
			buildSettings = {
				ALWAYS_EMBED_SWIFT_STANDARD_LIBRARIES = YES;
				BUNDLE_LOADER = "$(TEST_HOST)";
				CODE_SIGN_STYLE = Automatic;
				CURRENT_PROJECT_VERSION = 1;
				DEVELOPMENT_TEAM = 34HR7YPNJ4;
				GENERATE_INFOPLIST_FILE = YES;
				IPHONEOS_DEPLOYMENT_TARGET = 16.0;
				MARKETING_VERSION = 1.0;
				PRODUCT_BUNDLE_IDENTIFIER = br.com.leocoout.CSTVTests;
				PRODUCT_NAME = "$(TARGET_NAME)";
				SWIFT_EMIT_LOC_STRINGS = NO;
				SWIFT_VERSION = 5.0;
				TARGETED_DEVICE_FAMILY = "1,2";
				TEST_HOST = "$(BUILT_PRODUCTS_DIR)/CSTV.app/$(BUNDLE_EXECUTABLE_FOLDER_PATH)/CSTV";
			};
			name = Debug;
		};
		FD634DC228D63F1500D18453 /* Release */ = {
			isa = XCBuildConfiguration;
			buildSettings = {
				ALWAYS_EMBED_SWIFT_STANDARD_LIBRARIES = YES;
				BUNDLE_LOADER = "$(TEST_HOST)";
				CODE_SIGN_STYLE = Automatic;
				CURRENT_PROJECT_VERSION = 1;
				DEVELOPMENT_TEAM = 34HR7YPNJ4;
				GENERATE_INFOPLIST_FILE = YES;
				IPHONEOS_DEPLOYMENT_TARGET = 16.0;
				MARKETING_VERSION = 1.0;
				PRODUCT_BUNDLE_IDENTIFIER = br.com.leocoout.CSTVTests;
				PRODUCT_NAME = "$(TARGET_NAME)";
				SWIFT_EMIT_LOC_STRINGS = NO;
				SWIFT_VERSION = 5.0;
				TARGETED_DEVICE_FAMILY = "1,2";
				TEST_HOST = "$(BUILT_PRODUCTS_DIR)/CSTV.app/$(BUNDLE_EXECUTABLE_FOLDER_PATH)/CSTV";
			};
			name = Release;
		};
/* End XCBuildConfiguration section */

/* Begin XCConfigurationList section */
		FD634D8E28D63F1100D18453 /* Build configuration list for PBXProject "CSTV" */ = {
			isa = XCConfigurationList;
			buildConfigurations = (
				FD634DBB28D63F1500D18453 /* Debug */,
				FD634DBC28D63F1500D18453 /* Release */,
			);
			defaultConfigurationIsVisible = 0;
			defaultConfigurationName = Release;
		};
		FD634DBD28D63F1500D18453 /* Build configuration list for PBXNativeTarget "CSTV" */ = {
			isa = XCConfigurationList;
			buildConfigurations = (
				FD634DBE28D63F1500D18453 /* Debug */,
				FD634DBF28D63F1500D18453 /* Release */,
			);
			defaultConfigurationIsVisible = 0;
			defaultConfigurationName = Release;
		};
		FD634DC028D63F1500D18453 /* Build configuration list for PBXNativeTarget "CSTVTests" */ = {
			isa = XCConfigurationList;
			buildConfigurations = (
				FD634DC128D63F1500D18453 /* Debug */,
				FD634DC228D63F1500D18453 /* Release */,
			);
			defaultConfigurationIsVisible = 0;
			defaultConfigurationName = Release;
		};
/* End XCConfigurationList section */

/* Begin XCRemoteSwiftPackageReference section */
		FD5851CB28D64CD700B9ACC9 /* XCRemoteSwiftPackageReference "SimpleKeychain" */ = {
			isa = XCRemoteSwiftPackageReference;
			repositoryURL = "https://github.com/auth0/SimpleKeychain.git";
			requirement = {
				kind = upToNextMajorVersion;
				minimumVersion = 1.0.0;
			};
		};
/* End XCRemoteSwiftPackageReference section */

/* Begin XCSwiftPackageProductDependency section */
		FD5851CC28D64CD700B9ACC9 /* SimpleKeychain */ = {
			isa = XCSwiftPackageProductDependency;
			package = FD5851CB28D64CD700B9ACC9 /* XCRemoteSwiftPackageReference "SimpleKeychain" */;
			productName = SimpleKeychain;
		};
		FDDED5B128D6608200EE12B2 /* Networking */ = {
			isa = XCSwiftPackageProductDependency;
			productName = Networking;
		};
		FDDED5B328D6608500EE12B2 /* NetworkingInterface */ = {
			isa = XCSwiftPackageProductDependency;
			productName = NetworkingInterface;
		};
		FDDED5B528D6609700EE12B2 /* NetworkingInterfaceTestUtils */ = {
			isa = XCSwiftPackageProductDependency;
			productName = NetworkingInterfaceTestUtils;
		};
		FDDED5B728D6609F00EE12B2 /* NetworkingInterfaceTestUtils */ = {
			isa = XCSwiftPackageProductDependency;
			productName = NetworkingInterfaceTestUtils;
		};
/* End XCSwiftPackageProductDependency section */
	};
	rootObject = FD634D8B28D63F1100D18453 /* Project object */;
}
